// !$*UTF8*$!
{
	archiveVersion = 1;
	classes = {
	};
	objectVersion = 50;
	objects = {

/* Begin PBXBuildFile section */
		0C4737836F505AAE7C531091 /* Pods_PhotoFilter.framework in Frameworks */ = {isa = PBXBuildFile; fileRef = 388FB8E58A916252C461C3A3 /* Pods_PhotoFilter.framework */; };
		D7E59D2824192EBD00FC48B8 /* AppDelegate.swift in Sources */ = {isa = PBXBuildFile; fileRef = D7E59D2724192EBD00FC48B8 /* AppDelegate.swift */; };
		D7E59D2A24192EBD00FC48B8 /* SceneDelegate.swift in Sources */ = {isa = PBXBuildFile; fileRef = D7E59D2924192EBD00FC48B8 /* SceneDelegate.swift */; };
		D7E59D2C24192EBD00FC48B8 /* ViewController.swift in Sources */ = {isa = PBXBuildFile; fileRef = D7E59D2B24192EBD00FC48B8 /* ViewController.swift */; };
		D7E59D2F24192EBD00FC48B8 /* Main.storyboard in Resources */ = {isa = PBXBuildFile; fileRef = D7E59D2D24192EBD00FC48B8 /* Main.storyboard */; };
		D7E59D3124192EBF00FC48B8 /* Assets.xcassets in Resources */ = {isa = PBXBuildFile; fileRef = D7E59D3024192EBF00FC48B8 /* Assets.xcassets */; };
		D7E59D3424192EBF00FC48B8 /* LaunchScreen.storyboard in Resources */ = {isa = PBXBuildFile; fileRef = D7E59D3224192EBF00FC48B8 /* LaunchScreen.storyboard */; };
		D7E59D3C2419300A00FC48B8 /* PhotoCollectionVC.swift in Sources */ = {isa = PBXBuildFile; fileRef = D7E59D3B2419300A00FC48B8 /* PhotoCollectionVC.swift */; };
/* End PBXBuildFile section */

/* Begin PBXFileReference section */
		1B49F449A15AA49BD1C666F6 /* Pods-PhotoFilter.release.xcconfig */ = {isa = PBXFileReference; includeInIndex = 1; lastKnownFileType = text.xcconfig; name = "Pods-PhotoFilter.release.xcconfig"; path = "Target Support Files/Pods-PhotoFilter/Pods-PhotoFilter.release.xcconfig"; sourceTree = "<group>"; };
		388FB8E58A916252C461C3A3 /* Pods_PhotoFilter.framework */ = {isa = PBXFileReference; explicitFileType = wrapper.framework; includeInIndex = 0; path = Pods_PhotoFilter.framework; sourceTree = BUILT_PRODUCTS_DIR; };
		41FDD1235CADEF134FC418ED /* Pods-PhotoFilter.debug.xcconfig */ = {isa = PBXFileReference; includeInIndex = 1; lastKnownFileType = text.xcconfig; name = "Pods-PhotoFilter.debug.xcconfig"; path = "Target Support Files/Pods-PhotoFilter/Pods-PhotoFilter.debug.xcconfig"; sourceTree = "<group>"; };
		D7E59D2424192EBD00FC48B8 /* PhotoFilter.app */ = {isa = PBXFileReference; explicitFileType = wrapper.application; includeInIndex = 0; path = PhotoFilter.app; sourceTree = BUILT_PRODUCTS_DIR; };
		D7E59D2724192EBD00FC48B8 /* AppDelegate.swift */ = {isa = PBXFileReference; lastKnownFileType = sourcecode.swift; path = AppDelegate.swift; sourceTree = "<group>"; };
		D7E59D2924192EBD00FC48B8 /* SceneDelegate.swift */ = {isa = PBXFileReference; lastKnownFileType = sourcecode.swift; path = SceneDelegate.swift; sourceTree = "<group>"; };
		D7E59D2B24192EBD00FC48B8 /* ViewController.swift */ = {isa = PBXFileReference; lastKnownFileType = sourcecode.swift; path = ViewController.swift; sourceTree = "<group>"; };
		D7E59D2E24192EBD00FC48B8 /* Base */ = {isa = PBXFileReference; lastKnownFileType = file.storyboard; name = Base; path = Base.lproj/Main.storyboard; sourceTree = "<group>"; };
		D7E59D3024192EBF00FC48B8 /* Assets.xcassets */ = {isa = PBXFileReference; lastKnownFileType = folder.assetcatalog; path = Assets.xcassets; sourceTree = "<group>"; };
		D7E59D3324192EBF00FC48B8 /* Base */ = {isa = PBXFileReference; lastKnownFileType = file.storyboard; name = Base; path = Base.lproj/LaunchScreen.storyboard; sourceTree = "<group>"; };
		D7E59D3524192EBF00FC48B8 /* Info.plist */ = {isa = PBXFileReference; lastKnownFileType = text.plist.xml; path = Info.plist; sourceTree = "<group>"; };
		D7E59D3B2419300A00FC48B8 /* PhotoCollectionVC.swift */ = {isa = PBXFileReference; lastKnownFileType = sourcecode.swift; path = PhotoCollectionVC.swift; sourceTree = "<group>"; };
/* End PBXFileReference section */

/* Begin PBXFrameworksBuildPhase section */
		D7E59D2124192EBD00FC48B8 /* Frameworks */ = {
			isa = PBXFrameworksBuildPhase;
			buildActionMask = 2147483647;
			files = (
				0C4737836F505AAE7C531091 /* Pods_PhotoFilter.framework in Frameworks */,
			);
			runOnlyForDeploymentPostprocessing = 0;
		};
/* End PBXFrameworksBuildPhase section */

/* Begin PBXGroup section */
		72E49078DCD429E733B8D692 /* Frameworks */ = {
			isa = PBXGroup;
			children = (
				388FB8E58A916252C461C3A3 /* Pods_PhotoFilter.framework */,
			);
			name = Frameworks;
			sourceTree = "<group>";
		};
		D7E59D1B24192EBD00FC48B8 = {
			isa = PBXGroup;
			children = (
				D7E59D2624192EBD00FC48B8 /* PhotoFilter */,
				D7E59D2524192EBD00FC48B8 /* Products */,
				F656AA868834725C81A85795 /* Pods */,
				72E49078DCD429E733B8D692 /* Frameworks */,
			);
			sourceTree = "<group>";
		};
		D7E59D2524192EBD00FC48B8 /* Products */ = {
			isa = PBXGroup;
			children = (
				D7E59D2424192EBD00FC48B8 /* PhotoFilter.app */,
			);
			name = Products;
			sourceTree = "<group>";
		};
		D7E59D2624192EBD00FC48B8 /* PhotoFilter */ = {
			isa = PBXGroup;
			children = (
				D7E59D2724192EBD00FC48B8 /* AppDelegate.swift */,
				D7E59D2924192EBD00FC48B8 /* SceneDelegate.swift */,
				D7E59D3B2419300A00FC48B8 /* PhotoCollectionVC.swift */,
				D7E59D2B24192EBD00FC48B8 /* ViewController.swift */,
				D7E59D2D24192EBD00FC48B8 /* Main.storyboard */,
				D7E59D3024192EBF00FC48B8 /* Assets.xcassets */,
				D7E59D3224192EBF00FC48B8 /* LaunchScreen.storyboard */,
				D7E59D3524192EBF00FC48B8 /* Info.plist */,
			);
			path = PhotoFilter;
			sourceTree = "<group>";
		};
		F656AA868834725C81A85795 /* Pods */ = {
			isa = PBXGroup;
			children = (
				41FDD1235CADEF134FC418ED /* Pods-PhotoFilter.debug.xcconfig */,
				1B49F449A15AA49BD1C666F6 /* Pods-PhotoFilter.release.xcconfig */,
			);
			name = Pods;
			path = Pods;
			sourceTree = "<group>";
		};
/* End PBXGroup section */

/* Begin PBXNativeTarget section */
		D7E59D2324192EBD00FC48B8 /* PhotoFilter */ = {
			isa = PBXNativeTarget;
			buildConfigurationList = D7E59D3824192EBF00FC48B8 /* Build configuration list for PBXNativeTarget "PhotoFilter" */;
			buildPhases = (
				26EBB466C1656FB7765E0763 /* [CP] Check Pods Manifest.lock */,
				D7E59D2024192EBD00FC48B8 /* Sources */,
				D7E59D2124192EBD00FC48B8 /* Frameworks */,
				D7E59D2224192EBD00FC48B8 /* Resources */,
				744262C5E46A7F4C7208C4C8 /* [CP] Embed Pods Frameworks */,
			);
			buildRules = (
			);
			dependencies = (
			);
			name = PhotoFilter;
			productName = PhotoFilter;
			productReference = D7E59D2424192EBD00FC48B8 /* PhotoFilter.app */;
			productType = "com.apple.product-type.application";
		};
/* End PBXNativeTarget section */

/* Begin PBXProject section */
		D7E59D1C24192EBD00FC48B8 /* Project object */ = {
			isa = PBXProject;
			attributes = {
				LastSwiftUpdateCheck = 1130;
				LastUpgradeCheck = 1130;
				ORGANIZATIONNAME = wtildestar;
				TargetAttributes = {
					D7E59D2324192EBD00FC48B8 = {
						CreatedOnToolsVersion = 11.3.1;
					};
				};
			};
			buildConfigurationList = D7E59D1F24192EBD00FC48B8 /* Build configuration list for PBXProject "PhotoFilter" */;
			compatibilityVersion = "Xcode 9.3";
			developmentRegion = en;
			hasScannedForEncodings = 0;
			knownRegions = (
				en,
				Base,
			);
			mainGroup = D7E59D1B24192EBD00FC48B8;
			productRefGroup = D7E59D2524192EBD00FC48B8 /* Products */;
			projectDirPath = "";
			projectRoot = "";
			targets = (
				D7E59D2324192EBD00FC48B8 /* PhotoFilter */,
			);
		};
/* End PBXProject section */

/* Begin PBXResourcesBuildPhase section */
		D7E59D2224192EBD00FC48B8 /* Resources */ = {
			isa = PBXResourcesBuildPhase;
			buildActionMask = 2147483647;
			files = (
				D7E59D3424192EBF00FC48B8 /* LaunchScreen.storyboard in Resources */,
				D7E59D3124192EBF00FC48B8 /* Assets.xcassets in Resources */,
				D7E59D2F24192EBD00FC48B8 /* Main.storyboard in Resources */,
			);
			runOnlyForDeploymentPostprocessing = 0;
		};
/* End PBXResourcesBuildPhase section */

/* Begin PBXShellScriptBuildPhase section */
		26EBB466C1656FB7765E0763 /* [CP] Check Pods Manifest.lock */ = {
			isa = PBXShellScriptBuildPhase;
			buildActionMask = 2147483647;
			files = (
			);
			inputFileListPaths = (
			);
			inputPaths = (
				"${PODS_PODFILE_DIR_PATH}/Podfile.lock",
				"${PODS_ROOT}/Manifest.lock",
			);
			name = "[CP] Check Pods Manifest.lock";
			outputFileListPaths = (
			);
			outputPaths = (
				"$(DERIVED_FILE_DIR)/Pods-PhotoFilter-checkManifestLockResult.txt",
			);
			runOnlyForDeploymentPostprocessing = 0;
			shellPath = /bin/sh;
			shellScript = "diff \"${PODS_PODFILE_DIR_PATH}/Podfile.lock\" \"${PODS_ROOT}/Manifest.lock\" > /dev/null\nif [ $? != 0 ] ; then\n    # print error to STDERR\n    echo \"error: The sandbox is not in sync with the Podfile.lock. Run 'pod install' or update your CocoaPods installation.\" >&2\n    exit 1\nfi\n# This output is used by Xcode 'outputs' to avoid re-running this script phase.\necho \"SUCCESS\" > \"${SCRIPT_OUTPUT_FILE_0}\"\n";
			showEnvVarsInLog = 0;
		};
		744262C5E46A7F4C7208C4C8 /* [CP] Embed Pods Frameworks */ = {
			isa = PBXShellScriptBuildPhase;
			buildActionMask = 2147483647;
			files = (
			);
			inputFileListPaths = (
				"${PODS_ROOT}/Target Support Files/Pods-PhotoFilter/Pods-PhotoFilter-frameworks-${CONFIGURATION}-input-files.xcfilelist",
			);
			name = "[CP] Embed Pods Frameworks";
			outputFileListPaths = (
				"${PODS_ROOT}/Target Support Files/Pods-PhotoFilter/Pods-PhotoFilter-frameworks-${CONFIGURATION}-output-files.xcfilelist",
			);
			runOnlyForDeploymentPostprocessing = 0;
			shellPath = /bin/sh;
			shellScript = "\"${PODS_ROOT}/Target Support Files/Pods-PhotoFilter/Pods-PhotoFilter-frameworks.sh\"\n";
			showEnvVarsInLog = 0;
		};
/* End PBXShellScriptBuildPhase section */

/* Begin PBXSourcesBuildPhase section */
		D7E59D2024192EBD00FC48B8 /* Sources */ = {
			isa = PBXSourcesBuildPhase;
			buildActionMask = 2147483647;
			files = (
				D7E59D2C24192EBD00FC48B8 /* ViewController.swift in Sources */,
				D7E59D3C2419300A00FC48B8 /* PhotoCollectionVC.swift in Sources */,
				D7E59D2824192EBD00FC48B8 /* AppDelegate.swift in Sources */,
				D7E59D2A24192EBD00FC48B8 /* SceneDelegate.swift in Sources */,
			);
			runOnlyForDeploymentPostprocessing = 0;
		};
/* End PBXSourcesBuildPhase section */

/* Begin PBXVariantGroup section */
		D7E59D2D24192EBD00FC48B8 /* Main.storyboard */ = {
			isa = PBXVariantGroup;
			children = (
				D7E59D2E24192EBD00FC48B8 /* Base */,
			);
			name = Main.storyboard;
			sourceTree = "<group>";
		};
		D7E59D3224192EBF00FC48B8 /* LaunchScreen.storyboard */ = {
			isa = PBXVariantGroup;
			children = (
				D7E59D3324192EBF00FC48B8 /* Base */,
			);
			name = LaunchScreen.storyboard;
			sourceTree = "<group>";
		};
/* End PBXVariantGroup section */

/* Begin XCBuildConfiguration section */
		D7E59D3624192EBF00FC48B8 /* Debug */ = {
			isa = XCBuildConfiguration;
			buildSettings = {
				ALWAYS_SEARCH_USER_PATHS = NO;
				CLANG_ANALYZER_NONNULL = YES;
				CLANG_ANALYZER_NUMBER_OBJECT_CONVERSION = YES_AGGRESSIVE;
				CLANG_CXX_LANGUAGE_STANDARD = "gnu++14";
				CLANG_CXX_LIBRARY = "libc++";
				CLANG_ENABLE_MODULES = YES;
				CLANG_ENABLE_OBJC_ARC = YES;
				CLANG_ENABLE_OBJC_WEAK = YES;
				CLANG_WARN_BLOCK_CAPTURE_AUTORELEASING = YES;
				CLANG_WARN_BOOL_CONVERSION = YES;
				CLANG_WARN_COMMA = YES;
				CLANG_WARN_CONSTANT_CONVERSION = YES;
				CLANG_WARN_DEPRECATED_OBJC_IMPLEMENTATIONS = YES;
				CLANG_WARN_DIRECT_OBJC_ISA_USAGE = YES_ERROR;
				CLANG_WARN_DOCUMENTATION_COMMENTS = YES;
				CLANG_WARN_EMPTY_BODY = YES;
				CLANG_WARN_ENUM_CONVERSION = YES;
				CLANG_WARN_INFINITE_RECURSION = YES;
				CLANG_WARN_INT_CONVERSION = YES;
				CLANG_WARN_NON_LITERAL_NULL_CONVERSION = YES;
				CLANG_WARN_OBJC_IMPLICIT_RETAIN_SELF = YES;
				CLANG_WARN_OBJC_LITERAL_CONVERSION = YES;
				CLANG_WARN_OBJC_ROOT_CLASS = YES_ERROR;
				CLANG_WARN_RANGE_LOOP_ANALYSIS = YES;
				CLANG_WARN_STRICT_PROTOTYPES = YES;
				CLANG_WARN_SUSPICIOUS_MOVE = YES;
				CLANG_WARN_UNGUARDED_AVAILABILITY = YES_AGGRESSIVE;
				CLANG_WARN_UNREACHABLE_CODE = YES;
				CLANG_WARN__DUPLICATE_METHOD_MATCH = YES;
				COPY_PHASE_STRIP = NO;
				DEBUG_INFORMATION_FORMAT = dwarf;
				ENABLE_STRICT_OBJC_MSGSEND = YES;
				ENABLE_TESTABILITY = YES;
				GCC_C_LANGUAGE_STANDARD = gnu11;
				GCC_DYNAMIC_NO_PIC = NO;
				GCC_NO_COMMON_BLOCKS = YES;
				GCC_OPTIMIZATION_LEVEL = 0;
				GCC_PREPROCESSOR_DEFINITIONS = (
					"DEBUG=1",
					"$(inherited)",
				);
				GCC_WARN_64_TO_32_BIT_CONVERSION = YES;
				GCC_WARN_ABOUT_RETURN_TYPE = YES_ERROR;
				GCC_WARN_UNDECLARED_SELECTOR = YES;
				GCC_WARN_UNINITIALIZED_AUTOS = YES_AGGRESSIVE;
				GCC_WARN_UNUSED_FUNCTION = YES;
				GCC_WARN_UNUSED_VARIABLE = YES;
				IPHONEOS_DEPLOYMENT_TARGET = 13.2;
				MTL_ENABLE_DEBUG_INFO = INCLUDE_SOURCE;
				MTL_FAST_MATH = YES;
				ONLY_ACTIVE_ARCH = YES;
				SDKROOT = iphoneos;
				SWIFT_ACTIVE_COMPILATION_CONDITIONS = DEBUG;
				SWIFT_OPTIMIZATION_LEVEL = "-Onone";
			};
			name = Debug;
		};
		D7E59D3724192EBF00FC48B8 /* Release */ = {
			isa = XCBuildConfiguration;
			buildSettings = {
				ALWAYS_SEARCH_USER_PATHS = NO;
				CLANG_ANALYZER_NONNULL = YES;
				CLANG_ANALYZER_NUMBER_OBJECT_CONVERSION = YES_AGGRESSIVE;
				CLANG_CXX_LANGUAGE_STANDARD = "gnu++14";
				CLANG_CXX_LIBRARY = "libc++";
				CLANG_ENABLE_MODULES = YES;
				CLANG_ENABLE_OBJC_ARC = YES;
				CLANG_ENABLE_OBJC_WEAK = YES;
				CLANG_WARN_BLOCK_CAPTURE_AUTORELEASING = YES;
				CLANG_WARN_BOOL_CONVERSION = YES;
				CLANG_WARN_COMMA = YES;
				CLANG_WARN_CONSTANT_CONVERSION = YES;
				CLANG_WARN_DEPRECATED_OBJC_IMPLEMENTATIONS = YES;
				CLANG_WARN_DIRECT_OBJC_ISA_USAGE = YES_ERROR;
				CLANG_WARN_DOCUMENTATION_COMMENTS = YES;
				CLANG_WARN_EMPTY_BODY = YES;
				CLANG_WARN_ENUM_CONVERSION = YES;
				CLANG_WARN_INFINITE_RECURSION = YES;
				CLANG_WARN_INT_CONVERSION = YES;
				CLANG_WARN_NON_LITERAL_NULL_CONVERSION = YES;
				CLANG_WARN_OBJC_IMPLICIT_RETAIN_SELF = YES;
				CLANG_WARN_OBJC_LITERAL_CONVERSION = YES;
				CLANG_WARN_OBJC_ROOT_CLASS = YES_ERROR;
				CLANG_WARN_RANGE_LOOP_ANALYSIS = YES;
				CLANG_WARN_STRICT_PROTOTYPES = YES;
				CLANG_WARN_SUSPICIOUS_MOVE = YES;
				CLANG_WARN_UNGUARDED_AVAILABILITY = YES_AGGRESSIVE;
				CLANG_WARN_UNREACHABLE_CODE = YES;
				CLANG_WARN__DUPLICATE_METHOD_MATCH = YES;
				COPY_PHASE_STRIP = NO;
				DEBUG_INFORMATION_FORMAT = "dwarf-with-dsym";
				ENABLE_NS_ASSERTIONS = NO;
				ENABLE_STRICT_OBJC_MSGSEND = YES;
				GCC_C_LANGUAGE_STANDARD = gnu11;
				GCC_NO_COMMON_BLOCKS = YES;
				GCC_WARN_64_TO_32_BIT_CONVERSION = YES;
				GCC_WARN_ABOUT_RETURN_TYPE = YES_ERROR;
				GCC_WARN_UNDECLARED_SELECTOR = YES;
				GCC_WARN_UNINITIALIZED_AUTOS = YES_AGGRESSIVE;
				GCC_WARN_UNUSED_FUNCTION = YES;
				GCC_WARN_UNUSED_VARIABLE = YES;
				IPHONEOS_DEPLOYMENT_TARGET = 13.2;
				MTL_ENABLE_DEBUG_INFO = NO;
				MTL_FAST_MATH = YES;
				SDKROOT = iphoneos;
				SWIFT_COMPILATION_MODE = wholemodule;
				SWIFT_OPTIMIZATION_LEVEL = "-O";
				VALIDATE_PRODUCT = YES;
			};
			name = Release;
		};
		D7E59D3924192EBF00FC48B8 /* Debug */ = {
			isa = XCBuildConfiguration;
			baseConfigurationReference = 41FDD1235CADEF134FC418ED /* Pods-PhotoFilter.debug.xcconfig */;
			buildSettings = {
				ASSETCATALOG_COMPILER_APPICON_NAME = AppIcon;
				CODE_SIGN_STYLE = Automatic;
				DEVELOPMENT_TEAM = MYWL92898Y;
				INFOPLIST_FILE = PhotoFilter/Info.plist;
				LD_RUNPATH_SEARCH_PATHS = (
					"$(inherited)",
					"@executable_path/Frameworks",
				);
				PRODUCT_BUNDLE_IDENTIFIER = com.wtildestar.PhotoFilter;
				PRODUCT_NAME = "$(TARGET_NAME)";
				SWIFT_VERSION = 5.0;
				TARGETED_DEVICE_FAMILY = "1,2";
			};
			name = Debug;
		};
		D7E59D3A24192EBF00FC48B8 /* Release */ = {
			isa = XCBuildConfiguration;
			baseConfigurationReference = 1B49F449A15AA49BD1C666F6 /* Pods-PhotoFilter.release.xcconfig */;
			buildSettings = {
				ASSETCATALOG_COMPILER_APPICON_NAME = AppIcon;
				CODE_SIGN_STYLE = Automatic;
				DEVELOPMENT_TEAM = MYWL92898Y;
				INFOPLIST_FILE = PhotoFilter/Info.plist;
				LD_RUNPATH_SEARCH_PATHS = (
					"$(inherited)",
					"@executable_path/Frameworks",
				);
				PRODUCT_BUNDLE_IDENTIFIER = com.wtildestar.PhotoFilter;
				PRODUCT_NAME = "$(TARGET_NAME)";
				SWIFT_VERSION = 5.0;
				TARGETED_DEVICE_FAMILY = "1,2";
			};
			name = Release;
		};
/* End XCBuildConfiguration section */

/* Begin XCConfigurationList section */
		D7E59D1F24192EBD00FC48B8 /* Build configuration list for PBXProject "PhotoFilter" */ = {
			isa = XCConfigurationList;
			buildConfigurations = (
				D7E59D3624192EBF00FC48B8 /* Debug */,
				D7E59D3724192EBF00FC48B8 /* Release */,
			);
			defaultConfigurationIsVisible = 0;
			defaultConfigurationName = Release;
		};
		D7E59D3824192EBF00FC48B8 /* Build configuration list for PBXNativeTarget "PhotoFilter" */ = {
			isa = XCConfigurationList;
			buildConfigurations = (
				D7E59D3924192EBF00FC48B8 /* Debug */,
				D7E59D3A24192EBF00FC48B8 /* Release */,
			);
			defaultConfigurationIsVisible = 0;
			defaultConfigurationName = Release;
		};
/* End XCConfigurationList section */
	};
	rootObject = D7E59D1C24192EBD00FC48B8 /* Project object */;
}
