// !$*UTF8*$!
{
	archiveVersion = 1;
	classes = {
	};
	objectVersion = 50;
	objects = {

/* Begin PBXBuildFile section */
		D75A014223E9EC95006AFE3C /* AppDelegate.swift in Sources */ = {isa = PBXBuildFile; fileRef = D75A014123E9EC95006AFE3C /* AppDelegate.swift */; };
		D75A014423E9EC95006AFE3C /* SceneDelegate.swift in Sources */ = {isa = PBXBuildFile; fileRef = D75A014323E9EC95006AFE3C /* SceneDelegate.swift */; };
		D75A014623E9EC95006AFE3C /* ContentView.swift in Sources */ = {isa = PBXBuildFile; fileRef = D75A014523E9EC95006AFE3C /* ContentView.swift */; };
		D75A014823E9EC97006AFE3C /* Assets.xcassets in Resources */ = {isa = PBXBuildFile; fileRef = D75A014723E9EC97006AFE3C /* Assets.xcassets */; };
		D75A014B23E9EC97006AFE3C /* Preview Assets.xcassets in Resources */ = {isa = PBXBuildFile; fileRef = D75A014A23E9EC97006AFE3C /* Preview Assets.xcassets */; };
		D75A014E23E9EC97006AFE3C /* LaunchScreen.storyboard in Resources */ = {isa = PBXBuildFile; fileRef = D75A014C23E9EC97006AFE3C /* LaunchScreen.storyboard */; };
		D75A015723E9ECE1006AFE3C /* Movie.swift in Sources */ = {isa = PBXBuildFile; fileRef = D75A015623E9ECE1006AFE3C /* Movie.swift */; };
		D75A015923EA178B006AFE3C /* MovieAPI.swift in Sources */ = {isa = PBXBuildFile; fileRef = D75A015823EA178B006AFE3C /* MovieAPI.swift */; };
		D75A015F23EA17FC006AFE3C /* MoviesViewModel.swift in Sources */ = {isa = PBXBuildFile; fileRef = D75A015E23EA17FC006AFE3C /* MoviesViewModel.swift */; };
		D75A016123EA19CE006AFE3C /* MovieError.swift in Sources */ = {isa = PBXBuildFile; fileRef = D75A016023EA19CE006AFE3C /* MovieError.swift */; };
		D75A016423EA2427006AFE3C /* ImageAPI.swift in Sources */ = {isa = PBXBuildFile; fileRef = D75A016323EA2427006AFE3C /* ImageAPI.swift */; };
		D75A016623EA277A006AFE3C /* ImageLoader.swift in Sources */ = {isa = PBXBuildFile; fileRef = D75A016523EA277A006AFE3C /* ImageLoader.swift */; };
		D75A016923EA2A5D006AFE3C /* MoviePosterImage.swift in Sources */ = {isa = PBXBuildFile; fileRef = D75A016823EA2A5D006AFE3C /* MoviePosterImage.swift */; };
		D75A016B23EA2B19006AFE3C /* PosterStyle.swift in Sources */ = {isa = PBXBuildFile; fileRef = D75A016A23EA2B19006AFE3C /* PosterStyle.swift */; };
		D75A016D23EA302B006AFE3C /* MoviesList.swift in Sources */ = {isa = PBXBuildFile; fileRef = D75A016C23EA302B006AFE3C /* MoviesList.swift */; };
		D75A016F23EA306A006AFE3C /* DetailView.swift in Sources */ = {isa = PBXBuildFile; fileRef = D75A016E23EA306A006AFE3C /* DetailView.swift */; };
		D75A017123EA308A006AFE3C /* CastsView.swift in Sources */ = {isa = PBXBuildFile; fileRef = D75A017023EA308A006AFE3C /* CastsView.swift */; };
		D75A017323EA30B8006AFE3C /* CastViewModel.swift in Sources */ = {isa = PBXBuildFile; fileRef = D75A017223EA30B8006AFE3C /* CastViewModel.swift */; };
/* End PBXBuildFile section */

/* Begin PBXFileReference section */
		D75A013E23E9EC95006AFE3C /* MoviesJSON.app */ = {isa = PBXFileReference; explicitFileType = wrapper.application; includeInIndex = 0; path = MoviesJSON.app; sourceTree = BUILT_PRODUCTS_DIR; };
		D75A014123E9EC95006AFE3C /* AppDelegate.swift */ = {isa = PBXFileReference; lastKnownFileType = sourcecode.swift; path = AppDelegate.swift; sourceTree = "<group>"; };
		D75A014323E9EC95006AFE3C /* SceneDelegate.swift */ = {isa = PBXFileReference; lastKnownFileType = sourcecode.swift; path = SceneDelegate.swift; sourceTree = "<group>"; };
		D75A014523E9EC95006AFE3C /* ContentView.swift */ = {isa = PBXFileReference; lastKnownFileType = sourcecode.swift; name = ContentView.swift; path = ../ContentView.swift; sourceTree = "<group>"; };
		D75A014723E9EC97006AFE3C /* Assets.xcassets */ = {isa = PBXFileReference; lastKnownFileType = folder.assetcatalog; path = Assets.xcassets; sourceTree = "<group>"; };
		D75A014A23E9EC97006AFE3C /* Preview Assets.xcassets */ = {isa = PBXFileReference; lastKnownFileType = folder.assetcatalog; path = "Preview Assets.xcassets"; sourceTree = "<group>"; };
		D75A014D23E9EC97006AFE3C /* Base */ = {isa = PBXFileReference; lastKnownFileType = file.storyboard; name = Base; path = Base.lproj/LaunchScreen.storyboard; sourceTree = "<group>"; };
		D75A014F23E9EC97006AFE3C /* Info.plist */ = {isa = PBXFileReference; lastKnownFileType = text.plist.xml; path = Info.plist; sourceTree = "<group>"; };
		D75A015623E9ECE1006AFE3C /* Movie.swift */ = {isa = PBXFileReference; lastKnownFileType = sourcecode.swift; path = Movie.swift; sourceTree = "<group>"; };
		D75A015823EA178B006AFE3C /* MovieAPI.swift */ = {isa = PBXFileReference; lastKnownFileType = sourcecode.swift; path = MovieAPI.swift; sourceTree = "<group>"; };
		D75A015E23EA17FC006AFE3C /* MoviesViewModel.swift */ = {isa = PBXFileReference; lastKnownFileType = sourcecode.swift; path = MoviesViewModel.swift; sourceTree = "<group>"; };
		D75A016023EA19CE006AFE3C /* MovieError.swift */ = {isa = PBXFileReference; lastKnownFileType = sourcecode.swift; path = MovieError.swift; sourceTree = "<group>"; };
		D75A016323EA2427006AFE3C /* ImageAPI.swift */ = {isa = PBXFileReference; lastKnownFileType = sourcecode.swift; path = ImageAPI.swift; sourceTree = "<group>"; };
		D75A016523EA277A006AFE3C /* ImageLoader.swift */ = {isa = PBXFileReference; lastKnownFileType = sourcecode.swift; path = ImageLoader.swift; sourceTree = "<group>"; };
		D75A016823EA2A5D006AFE3C /* MoviePosterImage.swift */ = {isa = PBXFileReference; lastKnownFileType = sourcecode.swift; path = MoviePosterImage.swift; sourceTree = "<group>"; };
		D75A016A23EA2B19006AFE3C /* PosterStyle.swift */ = {isa = PBXFileReference; lastKnownFileType = sourcecode.swift; path = PosterStyle.swift; sourceTree = "<group>"; };
		D75A016C23EA302B006AFE3C /* MoviesList.swift */ = {isa = PBXFileReference; lastKnownFileType = sourcecode.swift; path = MoviesList.swift; sourceTree = "<group>"; };
		D75A016E23EA306A006AFE3C /* DetailView.swift */ = {isa = PBXFileReference; lastKnownFileType = sourcecode.swift; path = DetailView.swift; sourceTree = "<group>"; };
		D75A017023EA308A006AFE3C /* CastsView.swift */ = {isa = PBXFileReference; lastKnownFileType = sourcecode.swift; path = CastsView.swift; sourceTree = "<group>"; };
		D75A017223EA30B8006AFE3C /* CastViewModel.swift */ = {isa = PBXFileReference; lastKnownFileType = sourcecode.swift; path = CastViewModel.swift; sourceTree = "<group>"; };
/* End PBXFileReference section */

/* Begin PBXFrameworksBuildPhase section */
		D75A013B23E9EC95006AFE3C /* Frameworks */ = {
			isa = PBXFrameworksBuildPhase;
			buildActionMask = 2147483647;
			files = (
			);
			runOnlyForDeploymentPostprocessing = 0;
		};
/* End PBXFrameworksBuildPhase section */

/* Begin PBXGroup section */
		D75A013523E9EC95006AFE3C = {
			isa = PBXGroup;
			children = (
				D75A014023E9EC95006AFE3C /* MoviesJSON */,
				D75A013F23E9EC95006AFE3C /* Products */,
			);
			sourceTree = "<group>";
		};
		D75A013F23E9EC95006AFE3C /* Products */ = {
			isa = PBXGroup;
			children = (
				D75A013E23E9EC95006AFE3C /* MoviesJSON.app */,
			);
			name = Products;
			sourceTree = "<group>";
		};
		D75A014023E9EC95006AFE3C /* MoviesJSON */ = {
			isa = PBXGroup;
			children = (
				D75A016723EA2A3A006AFE3C /* New Group */,
				D75A016223EA241D006AFE3C /* Image */,
				D75A015D23EA17F3006AFE3C /* ViewModels */,
				D75A015A23EA17B2006AFE3C /* Views */,
				D75A015523E9ECBF006AFE3C /* Movie */,
				D75A014123E9EC95006AFE3C /* AppDelegate.swift */,
				D75A014323E9EC95006AFE3C /* SceneDelegate.swift */,
				D75A014723E9EC97006AFE3C /* Assets.xcassets */,
				D75A014C23E9EC97006AFE3C /* LaunchScreen.storyboard */,
				D75A014F23E9EC97006AFE3C /* Info.plist */,
				D75A014923E9EC97006AFE3C /* Preview Content */,
			);
			path = MoviesJSON;
			sourceTree = "<group>";
		};
		D75A014923E9EC97006AFE3C /* Preview Content */ = {
			isa = PBXGroup;
			children = (
				D75A014A23E9EC97006AFE3C /* Preview Assets.xcassets */,
			);
			path = "Preview Content";
			sourceTree = "<group>";
		};
		D75A015523E9ECBF006AFE3C /* Movie */ = {
			isa = PBXGroup;
			children = (
				D75A015623E9ECE1006AFE3C /* Movie.swift */,
				D75A015823EA178B006AFE3C /* MovieAPI.swift */,
				D75A016023EA19CE006AFE3C /* MovieError.swift */,
			);
			path = Movie;
			sourceTree = "<group>";
		};
		D75A015A23EA17B2006AFE3C /* Views */ = {
			isa = PBXGroup;
			children = (
				D75A014523E9EC95006AFE3C /* ContentView.swift */,
				D75A016823EA2A5D006AFE3C /* MoviePosterImage.swift */,
				D75A016A23EA2B19006AFE3C /* PosterStyle.swift */,
				D75A016C23EA302B006AFE3C /* MoviesList.swift */,
				D75A016E23EA306A006AFE3C /* DetailView.swift */,
				D75A017023EA308A006AFE3C /* CastsView.swift */,
			);
			path = Views;
			sourceTree = "<group>";
		};
		D75A015D23EA17F3006AFE3C /* ViewModels */ = {
			isa = PBXGroup;
			children = (
				D75A015E23EA17FC006AFE3C /* MoviesViewModel.swift */,
				D75A017223EA30B8006AFE3C /* CastViewModel.swift */,
			);
			path = ViewModels;
			sourceTree = "<group>";
		};
		D75A016223EA241D006AFE3C /* Image */ = {
			isa = PBXGroup;
			children = (
				D75A016323EA2427006AFE3C /* ImageAPI.swift */,
				D75A016523EA277A006AFE3C /* ImageLoader.swift */,
			);
			path = Image;
			sourceTree = "<group>";
		};
		D75A016723EA2A3A006AFE3C /* New Group */ = {
			isa = PBXGroup;
			children = (
			);
			path = "New Group";
			sourceTree = "<group>";
		};
/* End PBXGroup section */

/* Begin PBXNativeTarget section */
		D75A013D23E9EC95006AFE3C /* MoviesJSON */ = {
			isa = PBXNativeTarget;
			buildConfigurationList = D75A015223E9EC97006AFE3C /* Build configuration list for PBXNativeTarget "MoviesJSON" */;
			buildPhases = (
				D75A013A23E9EC95006AFE3C /* Sources */,
				D75A013B23E9EC95006AFE3C /* Frameworks */,
				D75A013C23E9EC95006AFE3C /* Resources */,
			);
			buildRules = (
			);
			dependencies = (
			);
			name = MoviesJSON;
			productName = MoviesJSON;
			productReference = D75A013E23E9EC95006AFE3C /* MoviesJSON.app */;
			productType = "com.apple.product-type.application";
		};
/* End PBXNativeTarget section */

/* Begin PBXProject section */
		D75A013623E9EC95006AFE3C /* Project object */ = {
			isa = PBXProject;
			attributes = {
				LastSwiftUpdateCheck = 1110;
				LastUpgradeCheck = 1110;
				ORGANIZATIONNAME = wtildestar;
				TargetAttributes = {
					D75A013D23E9EC95006AFE3C = {
						CreatedOnToolsVersion = 11.1;
					};
				};
			};
			buildConfigurationList = D75A013923E9EC95006AFE3C /* Build configuration list for PBXProject "MoviesJSON" */;
			compatibilityVersion = "Xcode 9.3";
			developmentRegion = en;
			hasScannedForEncodings = 0;
			knownRegions = (
				en,
				Base,
			);
			mainGroup = D75A013523E9EC95006AFE3C;
			productRefGroup = D75A013F23E9EC95006AFE3C /* Products */;
			projectDirPath = "";
			projectRoot = "";
			targets = (
				D75A013D23E9EC95006AFE3C /* MoviesJSON */,
			);
		};
/* End PBXProject section */

/* Begin PBXResourcesBuildPhase section */
		D75A013C23E9EC95006AFE3C /* Resources */ = {
			isa = PBXResourcesBuildPhase;
			buildActionMask = 2147483647;
			files = (
				D75A014E23E9EC97006AFE3C /* LaunchScreen.storyboard in Resources */,
				D75A014B23E9EC97006AFE3C /* Preview Assets.xcassets in Resources */,
				D75A014823E9EC97006AFE3C /* Assets.xcassets in Resources */,
			);
			runOnlyForDeploymentPostprocessing = 0;
		};
/* End PBXResourcesBuildPhase section */

/* Begin PBXSourcesBuildPhase section */
		D75A013A23E9EC95006AFE3C /* Sources */ = {
			isa = PBXSourcesBuildPhase;
			buildActionMask = 2147483647;
			files = (
				D75A014223E9EC95006AFE3C /* AppDelegate.swift in Sources */,
				D75A014423E9EC95006AFE3C /* SceneDelegate.swift in Sources */,
				D75A016D23EA302B006AFE3C /* MoviesList.swift in Sources */,
				D75A015723E9ECE1006AFE3C /* Movie.swift in Sources */,
				D75A016923EA2A5D006AFE3C /* MoviePosterImage.swift in Sources */,
				D75A017123EA308A006AFE3C /* CastsView.swift in Sources */,
				D75A015F23EA17FC006AFE3C /* MoviesViewModel.swift in Sources */,
				D75A017323EA30B8006AFE3C /* CastViewModel.swift in Sources */,
				D75A014623E9EC95006AFE3C /* ContentView.swift in Sources */,
				D75A016F23EA306A006AFE3C /* DetailView.swift in Sources */,
				D75A016623EA277A006AFE3C /* ImageLoader.swift in Sources */,
				D75A016123EA19CE006AFE3C /* MovieError.swift in Sources */,
				D75A016423EA2427006AFE3C /* ImageAPI.swift in Sources */,
				D75A016B23EA2B19006AFE3C /* PosterStyle.swift in Sources */,
				D75A015923EA178B006AFE3C /* MovieAPI.swift in Sources */,
			);
			runOnlyForDeploymentPostprocessing = 0;
		};
/* End PBXSourcesBuildPhase section */

/* Begin PBXVariantGroup section */
		D75A014C23E9EC97006AFE3C /* LaunchScreen.storyboard */ = {
			isa = PBXVariantGroup;
			children = (
				D75A014D23E9EC97006AFE3C /* Base */,
			);
			name = LaunchScreen.storyboard;
			sourceTree = "<group>";
		};
/* End PBXVariantGroup section */

/* Begin XCBuildConfiguration section */
		D75A015023E9EC97006AFE3C /* Debug */ = {
			isa = XCBuildConfiguration;
			buildSettings = {
				ALWAYS_SEARCH_USER_PATHS = NO;
				CLANG_ANALYZER_NONNULL = YES;
				CLANG_ANALYZER_NUMBER_OBJECT_CONVERSION = YES_AGGRESSIVE;
				CLANG_CXX_LANGUAGE_STANDARD = "gnu++14";
				CLANG_CXX_LIBRARY = "libc++";
				CLANG_ENABLE_MODULES = YES;
				CLANG_ENABLE_OBJC_ARC = YES;
				CLANG_ENABLE_OBJC_WEAK = YES;
				CLANG_WARN_BLOCK_CAPTURE_AUTORELEASING = YES;
				CLANG_WARN_BOOL_CONVERSION = YES;
				CLANG_WARN_COMMA = YES;
				CLANG_WARN_CONSTANT_CONVERSION = YES;
				CLANG_WARN_DEPRECATED_OBJC_IMPLEMENTATIONS = YES;
				CLANG_WARN_DIRECT_OBJC_ISA_USAGE = YES_ERROR;
				CLANG_WARN_DOCUMENTATION_COMMENTS = YES;
				CLANG_WARN_EMPTY_BODY = YES;
				CLANG_WARN_ENUM_CONVERSION = YES;
				CLANG_WARN_INFINITE_RECURSION = YES;
				CLANG_WARN_INT_CONVERSION = YES;
				CLANG_WARN_NON_LITERAL_NULL_CONVERSION = YES;
				CLANG_WARN_OBJC_IMPLICIT_RETAIN_SELF = YES;
				CLANG_WARN_OBJC_LITERAL_CONVERSION = YES;
				CLANG_WARN_OBJC_ROOT_CLASS = YES_ERROR;
				CLANG_WARN_RANGE_LOOP_ANALYSIS = YES;
				CLANG_WARN_STRICT_PROTOTYPES = YES;
				CLANG_WARN_SUSPICIOUS_MOVE = YES;
				CLANG_WARN_UNGUARDED_AVAILABILITY = YES_AGGRESSIVE;
				CLANG_WARN_UNREACHABLE_CODE = YES;
				CLANG_WARN__DUPLICATE_METHOD_MATCH = YES;
				COPY_PHASE_STRIP = NO;
				DEBUG_INFORMATION_FORMAT = dwarf;
				ENABLE_STRICT_OBJC_MSGSEND = YES;
				ENABLE_TESTABILITY = YES;
				GCC_C_LANGUAGE_STANDARD = gnu11;
				GCC_DYNAMIC_NO_PIC = NO;
				GCC_NO_COMMON_BLOCKS = YES;
				GCC_OPTIMIZATION_LEVEL = 0;
				GCC_PREPROCESSOR_DEFINITIONS = (
					"DEBUG=1",
					"$(inherited)",
				);
				GCC_WARN_64_TO_32_BIT_CONVERSION = YES;
				GCC_WARN_ABOUT_RETURN_TYPE = YES_ERROR;
				GCC_WARN_UNDECLARED_SELECTOR = YES;
				GCC_WARN_UNINITIALIZED_AUTOS = YES_AGGRESSIVE;
				GCC_WARN_UNUSED_FUNCTION = YES;
				GCC_WARN_UNUSED_VARIABLE = YES;
				IPHONEOS_DEPLOYMENT_TARGET = 13.1;
				MTL_ENABLE_DEBUG_INFO = INCLUDE_SOURCE;
				MTL_FAST_MATH = YES;
				ONLY_ACTIVE_ARCH = YES;
				SDKROOT = iphoneos;
				SWIFT_ACTIVE_COMPILATION_CONDITIONS = DEBUG;
				SWIFT_OPTIMIZATION_LEVEL = "-Onone";
			};
			name = Debug;
		};
		D75A015123E9EC97006AFE3C /* Release */ = {
			isa = XCBuildConfiguration;
			buildSettings = {
				ALWAYS_SEARCH_USER_PATHS = NO;
				CLANG_ANALYZER_NONNULL = YES;
				CLANG_ANALYZER_NUMBER_OBJECT_CONVERSION = YES_AGGRESSIVE;
				CLANG_CXX_LANGUAGE_STANDARD = "gnu++14";
				CLANG_CXX_LIBRARY = "libc++";
				CLANG_ENABLE_MODULES = YES;
				CLANG_ENABLE_OBJC_ARC = YES;
				CLANG_ENABLE_OBJC_WEAK = YES;
				CLANG_WARN_BLOCK_CAPTURE_AUTORELEASING = YES;
				CLANG_WARN_BOOL_CONVERSION = YES;
				CLANG_WARN_COMMA = YES;
				CLANG_WARN_CONSTANT_CONVERSION = YES;
				CLANG_WARN_DEPRECATED_OBJC_IMPLEMENTATIONS = YES;
				CLANG_WARN_DIRECT_OBJC_ISA_USAGE = YES_ERROR;
				CLANG_WARN_DOCUMENTATION_COMMENTS = YES;
				CLANG_WARN_EMPTY_BODY = YES;
				CLANG_WARN_ENUM_CONVERSION = YES;
				CLANG_WARN_INFINITE_RECURSION = YES;
				CLANG_WARN_INT_CONVERSION = YES;
				CLANG_WARN_NON_LITERAL_NULL_CONVERSION = YES;
				CLANG_WARN_OBJC_IMPLICIT_RETAIN_SELF = YES;
				CLANG_WARN_OBJC_LITERAL_CONVERSION = YES;
				CLANG_WARN_OBJC_ROOT_CLASS = YES_ERROR;
				CLANG_WARN_RANGE_LOOP_ANALYSIS = YES;
				CLANG_WARN_STRICT_PROTOTYPES = YES;
				CLANG_WARN_SUSPICIOUS_MOVE = YES;
				CLANG_WARN_UNGUARDED_AVAILABILITY = YES_AGGRESSIVE;
				CLANG_WARN_UNREACHABLE_CODE = YES;
				CLANG_WARN__DUPLICATE_METHOD_MATCH = YES;
				COPY_PHASE_STRIP = NO;
				DEBUG_INFORMATION_FORMAT = "dwarf-with-dsym";
				ENABLE_NS_ASSERTIONS = NO;
				ENABLE_STRICT_OBJC_MSGSEND = YES;
				GCC_C_LANGUAGE_STANDARD = gnu11;
				GCC_NO_COMMON_BLOCKS = YES;
				GCC_WARN_64_TO_32_BIT_CONVERSION = YES;
				GCC_WARN_ABOUT_RETURN_TYPE = YES_ERROR;
				GCC_WARN_UNDECLARED_SELECTOR = YES;
				GCC_WARN_UNINITIALIZED_AUTOS = YES_AGGRESSIVE;
				GCC_WARN_UNUSED_FUNCTION = YES;
				GCC_WARN_UNUSED_VARIABLE = YES;
				IPHONEOS_DEPLOYMENT_TARGET = 13.1;
				MTL_ENABLE_DEBUG_INFO = NO;
				MTL_FAST_MATH = YES;
				SDKROOT = iphoneos;
				SWIFT_COMPILATION_MODE = wholemodule;
				SWIFT_OPTIMIZATION_LEVEL = "-O";
				VALIDATE_PRODUCT = YES;
			};
			name = Release;
		};
		D75A015323E9EC97006AFE3C /* Debug */ = {
			isa = XCBuildConfiguration;
			buildSettings = {
				ASSETCATALOG_COMPILER_APPICON_NAME = AppIcon;
				CODE_SIGN_STYLE = Automatic;
				DEVELOPMENT_ASSET_PATHS = "\"MoviesJSON/Preview Content\"";
				DEVELOPMENT_TEAM = MYWL92898Y;
				ENABLE_PREVIEWS = YES;
				INFOPLIST_FILE = MoviesJSON/Info.plist;
				LD_RUNPATH_SEARCH_PATHS = (
					"$(inherited)",
					"@executable_path/Frameworks",
				);
				PRODUCT_BUNDLE_IDENTIFIER = com.wtildestar.MoviesJSON;
				PRODUCT_NAME = "$(TARGET_NAME)";
				SWIFT_VERSION = 5.0;
				TARGETED_DEVICE_FAMILY = "1,2";
			};
			name = Debug;
		};
		D75A015423E9EC97006AFE3C /* Release */ = {
			isa = XCBuildConfiguration;
			buildSettings = {
				ASSETCATALOG_COMPILER_APPICON_NAME = AppIcon;
				CODE_SIGN_STYLE = Automatic;
				DEVELOPMENT_ASSET_PATHS = "\"MoviesJSON/Preview Content\"";
				DEVELOPMENT_TEAM = MYWL92898Y;
				ENABLE_PREVIEWS = YES;
				INFOPLIST_FILE = MoviesJSON/Info.plist;
				LD_RUNPATH_SEARCH_PATHS = (
					"$(inherited)",
					"@executable_path/Frameworks",
				);
				PRODUCT_BUNDLE_IDENTIFIER = com.wtildestar.MoviesJSON;
				PRODUCT_NAME = "$(TARGET_NAME)";
				SWIFT_VERSION = 5.0;
				TARGETED_DEVICE_FAMILY = "1,2";
			};
			name = Release;
		};
/* End XCBuildConfiguration section */

/* Begin XCConfigurationList section */
		D75A013923E9EC95006AFE3C /* Build configuration list for PBXProject "MoviesJSON" */ = {
			isa = XCConfigurationList;
			buildConfigurations = (
				D75A015023E9EC97006AFE3C /* Debug */,
				D75A015123E9EC97006AFE3C /* Release */,
			);
			defaultConfigurationIsVisible = 0;
			defaultConfigurationName = Release;
		};
		D75A015223E9EC97006AFE3C /* Build configuration list for PBXNativeTarget "MoviesJSON" */ = {
			isa = XCConfigurationList;
			buildConfigurations = (
				D75A015323E9EC97006AFE3C /* Debug */,
				D75A015423E9EC97006AFE3C /* Release */,
			);
			defaultConfigurationIsVisible = 0;
			defaultConfigurationName = Release;
		};
/* End XCConfigurationList section */
	};
	rootObject = D75A013623E9EC95006AFE3C /* Project object */;
}
