// !$*UTF8*$!
{
	archiveVersion = 1;
	classes = {
	};
	objectVersion = 52;
	objects = {

/* Begin PBXBuildFile section */
		D704F65C24043FA80037B53E /* AppDelegate.swift in Sources */ = {isa = PBXBuildFile; fileRef = D704F65B24043FA80037B53E /* AppDelegate.swift */; };
		D704F65E24043FA80037B53E /* SceneDelegate.swift in Sources */ = {isa = PBXBuildFile; fileRef = D704F65D24043FA80037B53E /* SceneDelegate.swift */; };
		D704F66324043FA80037B53E /* Main.storyboard in Resources */ = {isa = PBXBuildFile; fileRef = D704F66124043FA80037B53E /* Main.storyboard */; };
		D704F66524043FAA0037B53E /* Assets.xcassets in Resources */ = {isa = PBXBuildFile; fileRef = D704F66424043FAA0037B53E /* Assets.xcassets */; };
		D704F66824043FAA0037B53E /* LaunchScreen.storyboard in Resources */ = {isa = PBXBuildFile; fileRef = D704F66624043FAA0037B53E /* LaunchScreen.storyboard */; };
		D704F670240441460037B53E /* CompaniesVC.swift in Sources */ = {isa = PBXBuildFile; fileRef = D704F66F240441460037B53E /* CompaniesVC.swift */; };
		D704F678240471AF0037B53E /* UIColor+theme.swift in Sources */ = {isa = PBXBuildFile; fileRef = D704F677240471AF0037B53E /* UIColor+theme.swift */; };
		D704F67B240622870037B53E /* Company.swift in Sources */ = {isa = PBXBuildFile; fileRef = D704F67A240622870037B53E /* Company.swift */; };
		D704F67F2406375D0037B53E /* CreateCompanyVC.swift in Sources */ = {isa = PBXBuildFile; fileRef = D704F67E2406375D0037B53E /* CreateCompanyVC.swift */; };
		D704F682240641960037B53E /* SnapKit in Frameworks */ = {isa = PBXBuildFile; productRef = D704F681240641960037B53E /* SnapKit */; };
		D704F6852406BB660037B53E /* CoreDataTrainingModels.xcdatamodeld in Sources */ = {isa = PBXBuildFile; fileRef = D704F6832406BB660037B53E /* CoreDataTrainingModels.xcdatamodeld */; };
		D704F6872406D98D0037B53E /* CoreDataManager.swift in Sources */ = {isa = PBXBuildFile; fileRef = D704F6862406D98D0037B53E /* CoreDataManager.swift */; };
/* End PBXBuildFile section */

/* Begin PBXFileReference section */
		D704F65824043FA80037B53E /* CoreDataTraining.app */ = {isa = PBXFileReference; explicitFileType = wrapper.application; includeInIndex = 0; path = CoreDataTraining.app; sourceTree = BUILT_PRODUCTS_DIR; };
		D704F65B24043FA80037B53E /* AppDelegate.swift */ = {isa = PBXFileReference; lastKnownFileType = sourcecode.swift; path = AppDelegate.swift; sourceTree = "<group>"; };
		D704F65D24043FA80037B53E /* SceneDelegate.swift */ = {isa = PBXFileReference; lastKnownFileType = sourcecode.swift; path = SceneDelegate.swift; sourceTree = "<group>"; };
		D704F66224043FA80037B53E /* Base */ = {isa = PBXFileReference; lastKnownFileType = file.storyboard; name = Base; path = Base.lproj/Main.storyboard; sourceTree = "<group>"; };
		D704F66424043FAA0037B53E /* Assets.xcassets */ = {isa = PBXFileReference; lastKnownFileType = folder.assetcatalog; path = Assets.xcassets; sourceTree = "<group>"; };
		D704F66724043FAA0037B53E /* Base */ = {isa = PBXFileReference; lastKnownFileType = file.storyboard; name = Base; path = Base.lproj/LaunchScreen.storyboard; sourceTree = "<group>"; };
		D704F66924043FAA0037B53E /* Info.plist */ = {isa = PBXFileReference; lastKnownFileType = text.plist.xml; path = Info.plist; sourceTree = "<group>"; };
		D704F66F240441460037B53E /* CompaniesVC.swift */ = {isa = PBXFileReference; lastKnownFileType = sourcecode.swift; path = CompaniesVC.swift; sourceTree = "<group>"; };
		D704F677240471AF0037B53E /* UIColor+theme.swift */ = {isa = PBXFileReference; fileEncoding = 4; lastKnownFileType = sourcecode.swift; path = "UIColor+theme.swift"; sourceTree = "<group>"; };
		D704F67A240622870037B53E /* Company.swift */ = {isa = PBXFileReference; lastKnownFileType = sourcecode.swift; path = Company.swift; sourceTree = "<group>"; };
		D704F67E2406375D0037B53E /* CreateCompanyVC.swift */ = {isa = PBXFileReference; lastKnownFileType = sourcecode.swift; path = CreateCompanyVC.swift; sourceTree = "<group>"; };
		D704F6842406BB660037B53E /* CoreDataTrainingModels.xcdatamodel */ = {isa = PBXFileReference; lastKnownFileType = wrapper.xcdatamodel; path = CoreDataTrainingModels.xcdatamodel; sourceTree = "<group>"; };
		D704F6862406D98D0037B53E /* CoreDataManager.swift */ = {isa = PBXFileReference; lastKnownFileType = sourcecode.swift; path = CoreDataManager.swift; sourceTree = "<group>"; };
/* End PBXFileReference section */

/* Begin PBXFrameworksBuildPhase section */
		D704F65524043FA80037B53E /* Frameworks */ = {
			isa = PBXFrameworksBuildPhase;
			buildActionMask = 2147483647;
			files = (
				D704F682240641960037B53E /* SnapKit in Frameworks */,
			);
			runOnlyForDeploymentPostprocessing = 0;
		};
/* End PBXFrameworksBuildPhase section */

/* Begin PBXGroup section */
		D704F64F24043FA80037B53E = {
			isa = PBXGroup;
			children = (
				D704F65A24043FA80037B53E /* CoreDataTraining */,
				D704F65924043FA80037B53E /* Products */,
			);
			sourceTree = "<group>";
		};
		D704F65924043FA80037B53E /* Products */ = {
			isa = PBXGroup;
			children = (
				D704F65824043FA80037B53E /* CoreDataTraining.app */,
			);
			name = Products;
			sourceTree = "<group>";
		};
		D704F65A24043FA80037B53E /* CoreDataTraining */ = {
			isa = PBXGroup;
			children = (
				D704F67424044E260037B53E /* App */,
				D704F679240622720037B53E /* Model */,
				D704F67124044D9E0037B53E /* View */,
				D704F67224044DA50037B53E /* Controller */,
				D704F6762404719C0037B53E /* Extensions */,
				D704F67324044DF30037B53E /* Support */,
				D704F6832406BB660037B53E /* CoreDataTrainingModels.xcdatamodeld */,
				D704F6862406D98D0037B53E /* CoreDataManager.swift */,
			);
			path = CoreDataTraining;
			sourceTree = "<group>";
		};
		D704F67124044D9E0037B53E /* View */ = {
			isa = PBXGroup;
			children = (
				D704F66124043FA80037B53E /* Main.storyboard */,
			);
			path = View;
			sourceTree = "<group>";
		};
		D704F67224044DA50037B53E /* Controller */ = {
			isa = PBXGroup;
			children = (
				D704F66F240441460037B53E /* CompaniesVC.swift */,
				D704F67E2406375D0037B53E /* CreateCompanyVC.swift */,
			);
			path = Controller;
			sourceTree = "<group>";
		};
		D704F67324044DF30037B53E /* Support */ = {
			isa = PBXGroup;
			children = (
				D704F66424043FAA0037B53E /* Assets.xcassets */,
				D704F66624043FAA0037B53E /* LaunchScreen.storyboard */,
				D704F66924043FAA0037B53E /* Info.plist */,
			);
			path = Support;
			sourceTree = "<group>";
		};
		D704F67424044E260037B53E /* App */ = {
			isa = PBXGroup;
			children = (
				D704F67524044E2E0037B53E /* Controller */,
			);
			path = App;
			sourceTree = "<group>";
		};
		D704F67524044E2E0037B53E /* Controller */ = {
			isa = PBXGroup;
			children = (
				D704F65B24043FA80037B53E /* AppDelegate.swift */,
				D704F65D24043FA80037B53E /* SceneDelegate.swift */,
			);
			path = Controller;
			sourceTree = "<group>";
		};
		D704F6762404719C0037B53E /* Extensions */ = {
			isa = PBXGroup;
			children = (
				D704F677240471AF0037B53E /* UIColor+theme.swift */,
			);
			path = Extensions;
			sourceTree = "<group>";
		};
		D704F679240622720037B53E /* Model */ = {
			isa = PBXGroup;
			children = (
				D704F67A240622870037B53E /* Company.swift */,
			);
			path = Model;
			sourceTree = "<group>";
		};
/* End PBXGroup section */

/* Begin PBXNativeTarget section */
		D704F65724043FA80037B53E /* CoreDataTraining */ = {
			isa = PBXNativeTarget;
			buildConfigurationList = D704F66C24043FAA0037B53E /* Build configuration list for PBXNativeTarget "CoreDataTraining" */;
			buildPhases = (
				D704F65424043FA80037B53E /* Sources */,
				D704F65524043FA80037B53E /* Frameworks */,
				D704F65624043FA80037B53E /* Resources */,
			);
			buildRules = (
			);
			dependencies = (
			);
			name = CoreDataTraining;
			packageProductDependencies = (
				D704F681240641960037B53E /* SnapKit */,
			);
			productName = CoreDataTraining;
			productReference = D704F65824043FA80037B53E /* CoreDataTraining.app */;
			productType = "com.apple.product-type.application";
		};
/* End PBXNativeTarget section */

/* Begin PBXProject section */
		D704F65024043FA80037B53E /* Project object */ = {
			isa = PBXProject;
			attributes = {
				LastSwiftUpdateCheck = 1130;
				LastUpgradeCheck = 1130;
				ORGANIZATIONNAME = wtildestar;
				TargetAttributes = {
					D704F65724043FA80037B53E = {
						CreatedOnToolsVersion = 11.3.1;
					};
				};
			};
			buildConfigurationList = D704F65324043FA80037B53E /* Build configuration list for PBXProject "CoreDataTraining" */;
			compatibilityVersion = "Xcode 9.3";
			developmentRegion = en;
			hasScannedForEncodings = 0;
			knownRegions = (
				en,
				Base,
			);
			mainGroup = D704F64F24043FA80037B53E;
			packageReferences = (
				D704F680240641960037B53E /* XCRemoteSwiftPackageReference "SnapKit" */,
			);
			productRefGroup = D704F65924043FA80037B53E /* Products */;
			projectDirPath = "";
			projectRoot = "";
			targets = (
				D704F65724043FA80037B53E /* CoreDataTraining */,
			);
		};
/* End PBXProject section */

/* Begin PBXResourcesBuildPhase section */
		D704F65624043FA80037B53E /* Resources */ = {
			isa = PBXResourcesBuildPhase;
			buildActionMask = 2147483647;
			files = (
				D704F66824043FAA0037B53E /* LaunchScreen.storyboard in Resources */,
				D704F66524043FAA0037B53E /* Assets.xcassets in Resources */,
				D704F66324043FA80037B53E /* Main.storyboard in Resources */,
			);
			runOnlyForDeploymentPostprocessing = 0;
		};
/* End PBXResourcesBuildPhase section */

/* Begin PBXSourcesBuildPhase section */
		D704F65424043FA80037B53E /* Sources */ = {
			isa = PBXSourcesBuildPhase;
			buildActionMask = 2147483647;
			files = (
				D704F67F2406375D0037B53E /* CreateCompanyVC.swift in Sources */,
				D704F6852406BB660037B53E /* CoreDataTrainingModels.xcdatamodeld in Sources */,
				D704F65C24043FA80037B53E /* AppDelegate.swift in Sources */,
				D704F678240471AF0037B53E /* UIColor+theme.swift in Sources */,
				D704F65E24043FA80037B53E /* SceneDelegate.swift in Sources */,
				D704F67B240622870037B53E /* Company.swift in Sources */,
				D704F6872406D98D0037B53E /* CoreDataManager.swift in Sources */,
				D704F670240441460037B53E /* CompaniesVC.swift in Sources */,
			);
			runOnlyForDeploymentPostprocessing = 0;
		};
/* End PBXSourcesBuildPhase section */

/* Begin PBXVariantGroup section */
		D704F66124043FA80037B53E /* Main.storyboard */ = {
			isa = PBXVariantGroup;
			children = (
				D704F66224043FA80037B53E /* Base */,
			);
			name = Main.storyboard;
			sourceTree = "<group>";
		};
		D704F66624043FAA0037B53E /* LaunchScreen.storyboard */ = {
			isa = PBXVariantGroup;
			children = (
				D704F66724043FAA0037B53E /* Base */,
			);
			name = LaunchScreen.storyboard;
			sourceTree = "<group>";
		};
/* End PBXVariantGroup section */

/* Begin XCBuildConfiguration section */
		D704F66A24043FAA0037B53E /* Debug */ = {
			isa = XCBuildConfiguration;
			buildSettings = {
				ALWAYS_SEARCH_USER_PATHS = NO;
				CLANG_ANALYZER_NONNULL = YES;
				CLANG_ANALYZER_NUMBER_OBJECT_CONVERSION = YES_AGGRESSIVE;
				CLANG_CXX_LANGUAGE_STANDARD = "gnu++14";
				CLANG_CXX_LIBRARY = "libc++";
				CLANG_ENABLE_MODULES = YES;
				CLANG_ENABLE_OBJC_ARC = YES;
				CLANG_ENABLE_OBJC_WEAK = YES;
				CLANG_WARN_BLOCK_CAPTURE_AUTORELEASING = YES;
				CLANG_WARN_BOOL_CONVERSION = YES;
				CLANG_WARN_COMMA = YES;
				CLANG_WARN_CONSTANT_CONVERSION = YES;
				CLANG_WARN_DEPRECATED_OBJC_IMPLEMENTATIONS = YES;
				CLANG_WARN_DIRECT_OBJC_ISA_USAGE = YES_ERROR;
				CLANG_WARN_DOCUMENTATION_COMMENTS = YES;
				CLANG_WARN_EMPTY_BODY = YES;
				CLANG_WARN_ENUM_CONVERSION = YES;
				CLANG_WARN_INFINITE_RECURSION = YES;
				CLANG_WARN_INT_CONVERSION = YES;
				CLANG_WARN_NON_LITERAL_NULL_CONVERSION = YES;
				CLANG_WARN_OBJC_IMPLICIT_RETAIN_SELF = YES;
				CLANG_WARN_OBJC_LITERAL_CONVERSION = YES;
				CLANG_WARN_OBJC_ROOT_CLASS = YES_ERROR;
				CLANG_WARN_RANGE_LOOP_ANALYSIS = YES;
				CLANG_WARN_STRICT_PROTOTYPES = YES;
				CLANG_WARN_SUSPICIOUS_MOVE = YES;
				CLANG_WARN_UNGUARDED_AVAILABILITY = YES_AGGRESSIVE;
				CLANG_WARN_UNREACHABLE_CODE = YES;
				CLANG_WARN__DUPLICATE_METHOD_MATCH = YES;
				COPY_PHASE_STRIP = NO;
				DEBUG_INFORMATION_FORMAT = dwarf;
				ENABLE_STRICT_OBJC_MSGSEND = YES;
				ENABLE_TESTABILITY = YES;
				GCC_C_LANGUAGE_STANDARD = gnu11;
				GCC_DYNAMIC_NO_PIC = NO;
				GCC_NO_COMMON_BLOCKS = YES;
				GCC_OPTIMIZATION_LEVEL = 0;
				GCC_PREPROCESSOR_DEFINITIONS = (
					"DEBUG=1",
					"$(inherited)",
				);
				GCC_WARN_64_TO_32_BIT_CONVERSION = YES;
				GCC_WARN_ABOUT_RETURN_TYPE = YES_ERROR;
				GCC_WARN_UNDECLARED_SELECTOR = YES;
				GCC_WARN_UNINITIALIZED_AUTOS = YES_AGGRESSIVE;
				GCC_WARN_UNUSED_FUNCTION = YES;
				GCC_WARN_UNUSED_VARIABLE = YES;
				IPHONEOS_DEPLOYMENT_TARGET = 13.2;
				MTL_ENABLE_DEBUG_INFO = INCLUDE_SOURCE;
				MTL_FAST_MATH = YES;
				ONLY_ACTIVE_ARCH = YES;
				SDKROOT = iphoneos;
				SWIFT_ACTIVE_COMPILATION_CONDITIONS = DEBUG;
				SWIFT_OPTIMIZATION_LEVEL = "-Onone";
			};
			name = Debug;
		};
		D704F66B24043FAA0037B53E /* Release */ = {
			isa = XCBuildConfiguration;
			buildSettings = {
				ALWAYS_SEARCH_USER_PATHS = NO;
				CLANG_ANALYZER_NONNULL = YES;
				CLANG_ANALYZER_NUMBER_OBJECT_CONVERSION = YES_AGGRESSIVE;
				CLANG_CXX_LANGUAGE_STANDARD = "gnu++14";
				CLANG_CXX_LIBRARY = "libc++";
				CLANG_ENABLE_MODULES = YES;
				CLANG_ENABLE_OBJC_ARC = YES;
				CLANG_ENABLE_OBJC_WEAK = YES;
				CLANG_WARN_BLOCK_CAPTURE_AUTORELEASING = YES;
				CLANG_WARN_BOOL_CONVERSION = YES;
				CLANG_WARN_COMMA = YES;
				CLANG_WARN_CONSTANT_CONVERSION = YES;
				CLANG_WARN_DEPRECATED_OBJC_IMPLEMENTATIONS = YES;
				CLANG_WARN_DIRECT_OBJC_ISA_USAGE = YES_ERROR;
				CLANG_WARN_DOCUMENTATION_COMMENTS = YES;
				CLANG_WARN_EMPTY_BODY = YES;
				CLANG_WARN_ENUM_CONVERSION = YES;
				CLANG_WARN_INFINITE_RECURSION = YES;
				CLANG_WARN_INT_CONVERSION = YES;
				CLANG_WARN_NON_LITERAL_NULL_CONVERSION = YES;
				CLANG_WARN_OBJC_IMPLICIT_RETAIN_SELF = YES;
				CLANG_WARN_OBJC_LITERAL_CONVERSION = YES;
				CLANG_WARN_OBJC_ROOT_CLASS = YES_ERROR;
				CLANG_WARN_RANGE_LOOP_ANALYSIS = YES;
				CLANG_WARN_STRICT_PROTOTYPES = YES;
				CLANG_WARN_SUSPICIOUS_MOVE = YES;
				CLANG_WARN_UNGUARDED_AVAILABILITY = YES_AGGRESSIVE;
				CLANG_WARN_UNREACHABLE_CODE = YES;
				CLANG_WARN__DUPLICATE_METHOD_MATCH = YES;
				COPY_PHASE_STRIP = NO;
				DEBUG_INFORMATION_FORMAT = "dwarf-with-dsym";
				ENABLE_NS_ASSERTIONS = NO;
				ENABLE_STRICT_OBJC_MSGSEND = YES;
				GCC_C_LANGUAGE_STANDARD = gnu11;
				GCC_NO_COMMON_BLOCKS = YES;
				GCC_WARN_64_TO_32_BIT_CONVERSION = YES;
				GCC_WARN_ABOUT_RETURN_TYPE = YES_ERROR;
				GCC_WARN_UNDECLARED_SELECTOR = YES;
				GCC_WARN_UNINITIALIZED_AUTOS = YES_AGGRESSIVE;
				GCC_WARN_UNUSED_FUNCTION = YES;
				GCC_WARN_UNUSED_VARIABLE = YES;
				IPHONEOS_DEPLOYMENT_TARGET = 13.2;
				MTL_ENABLE_DEBUG_INFO = NO;
				MTL_FAST_MATH = YES;
				SDKROOT = iphoneos;
				SWIFT_COMPILATION_MODE = wholemodule;
				SWIFT_OPTIMIZATION_LEVEL = "-O";
				VALIDATE_PRODUCT = YES;
			};
			name = Release;
		};
		D704F66D24043FAA0037B53E /* Debug */ = {
			isa = XCBuildConfiguration;
			buildSettings = {
				ASSETCATALOG_COMPILER_APPICON_NAME = AppIcon;
				CODE_SIGN_STYLE = Automatic;
				INFOPLIST_FILE = CoreDataTraining/Support/Info.plist;
				LD_RUNPATH_SEARCH_PATHS = (
					"$(inherited)",
					"@executable_path/Frameworks",
				);
				PRODUCT_BUNDLE_IDENTIFIER = com.wtildestar.CoreDataTraining;
				PRODUCT_NAME = "$(TARGET_NAME)";
				SWIFT_VERSION = 5.0;
				TARGETED_DEVICE_FAMILY = "1,2";
			};
			name = Debug;
		};
		D704F66E24043FAA0037B53E /* Release */ = {
			isa = XCBuildConfiguration;
			buildSettings = {
				ASSETCATALOG_COMPILER_APPICON_NAME = AppIcon;
				CODE_SIGN_STYLE = Automatic;
				INFOPLIST_FILE = CoreDataTraining/Support/Info.plist;
				LD_RUNPATH_SEARCH_PATHS = (
					"$(inherited)",
					"@executable_path/Frameworks",
				);
				PRODUCT_BUNDLE_IDENTIFIER = com.wtildestar.CoreDataTraining;
				PRODUCT_NAME = "$(TARGET_NAME)";
				SWIFT_VERSION = 5.0;
				TARGETED_DEVICE_FAMILY = "1,2";
			};
			name = Release;
		};
/* End XCBuildConfiguration section */

/* Begin XCConfigurationList section */
		D704F65324043FA80037B53E /* Build configuration list for PBXProject "CoreDataTraining" */ = {
			isa = XCConfigurationList;
			buildConfigurations = (
				D704F66A24043FAA0037B53E /* Debug */,
				D704F66B24043FAA0037B53E /* Release */,
			);
			defaultConfigurationIsVisible = 0;
			defaultConfigurationName = Release;
		};
		D704F66C24043FAA0037B53E /* Build configuration list for PBXNativeTarget "CoreDataTraining" */ = {
			isa = XCConfigurationList;
			buildConfigurations = (
				D704F66D24043FAA0037B53E /* Debug */,
				D704F66E24043FAA0037B53E /* Release */,
			);
			defaultConfigurationIsVisible = 0;
			defaultConfigurationName = Release;
		};
/* End XCConfigurationList section */

/* Begin XCRemoteSwiftPackageReference section */
		D704F680240641960037B53E /* XCRemoteSwiftPackageReference "SnapKit" */ = {
			isa = XCRemoteSwiftPackageReference;
			repositoryURL = "https://github.com/SnapKit/SnapKit.git";
			requirement = {
				kind = upToNextMajorVersion;
				minimumVersion = 5.0.1;
			};
		};
/* End XCRemoteSwiftPackageReference section */

/* Begin XCSwiftPackageProductDependency section */
		D704F681240641960037B53E /* SnapKit */ = {
			isa = XCSwiftPackageProductDependency;
			package = D704F680240641960037B53E /* XCRemoteSwiftPackageReference "SnapKit" */;
			productName = SnapKit;
		};
/* End XCSwiftPackageProductDependency section */

/* Begin XCVersionGroup section */
		D704F6832406BB660037B53E /* CoreDataTrainingModels.xcdatamodeld */ = {
			isa = XCVersionGroup;
			children = (
				D704F6842406BB660037B53E /* CoreDataTrainingModels.xcdatamodel */,
			);
			currentVersion = D704F6842406BB660037B53E /* CoreDataTrainingModels.xcdatamodel */;
			path = CoreDataTrainingModels.xcdatamodeld;
			sourceTree = "<group>";
			versionGroupType = wrapper.xcdatamodel;
		};
/* End XCVersionGroup section */
	};
	rootObject = D704F65024043FA80037B53E /* Project object */;
}
