// !$*UTF8*$!
{
	archiveVersion = 1;
	classes = {
	};
	objectVersion = 50;
	objects = {

/* Begin PBXBuildFile section */
		D7DDFFA923D4A934004811BC /* AppDelegate.swift in Sources */ = {isa = PBXBuildFile; fileRef = D7DDFFA823D4A934004811BC /* AppDelegate.swift */; };
		D7DDFFAB23D4A934004811BC /* SceneDelegate.swift in Sources */ = {isa = PBXBuildFile; fileRef = D7DDFFAA23D4A934004811BC /* SceneDelegate.swift */; };
		D7DDFFAD23D4A934004811BC /* ViewController.swift in Sources */ = {isa = PBXBuildFile; fileRef = D7DDFFAC23D4A934004811BC /* ViewController.swift */; };
		D7DDFFB023D4A934004811BC /* Main.storyboard in Resources */ = {isa = PBXBuildFile; fileRef = D7DDFFAE23D4A934004811BC /* Main.storyboard */; };
		D7DDFFB223D4A935004811BC /* Assets.xcassets in Resources */ = {isa = PBXBuildFile; fileRef = D7DDFFB123D4A935004811BC /* Assets.xcassets */; };
		D7DDFFB523D4A935004811BC /* LaunchScreen.storyboard in Resources */ = {isa = PBXBuildFile; fileRef = D7DDFFB323D4A935004811BC /* LaunchScreen.storyboard */; };
		D7DDFFBD23D4CBE7004811BC /* Concentration.swift in Sources */ = {isa = PBXBuildFile; fileRef = D7DDFFBC23D4CBE6004811BC /* Concentration.swift */; };
		D7DDFFBF23D4D714004811BC /* Card.swift in Sources */ = {isa = PBXBuildFile; fileRef = D7DDFFBE23D4D714004811BC /* Card.swift */; };
/* End PBXBuildFile section */

/* Begin PBXFileReference section */
		D7DDFFA523D4A934004811BC /* Concentration.app */ = {isa = PBXFileReference; explicitFileType = wrapper.application; includeInIndex = 0; path = Concentration.app; sourceTree = BUILT_PRODUCTS_DIR; };
		D7DDFFA823D4A934004811BC /* AppDelegate.swift */ = {isa = PBXFileReference; lastKnownFileType = sourcecode.swift; path = AppDelegate.swift; sourceTree = "<group>"; };
		D7DDFFAA23D4A934004811BC /* SceneDelegate.swift */ = {isa = PBXFileReference; lastKnownFileType = sourcecode.swift; path = SceneDelegate.swift; sourceTree = "<group>"; };
		D7DDFFAC23D4A934004811BC /* ViewController.swift */ = {isa = PBXFileReference; lastKnownFileType = sourcecode.swift; path = ViewController.swift; sourceTree = "<group>"; };
		D7DDFFAF23D4A934004811BC /* Base */ = {isa = PBXFileReference; lastKnownFileType = file.storyboard; name = Base; path = Base.lproj/Main.storyboard; sourceTree = "<group>"; };
		D7DDFFB123D4A935004811BC /* Assets.xcassets */ = {isa = PBXFileReference; lastKnownFileType = folder.assetcatalog; path = Assets.xcassets; sourceTree = "<group>"; };
		D7DDFFB423D4A935004811BC /* Base */ = {isa = PBXFileReference; lastKnownFileType = file.storyboard; name = Base; path = Base.lproj/LaunchScreen.storyboard; sourceTree = "<group>"; };
		D7DDFFB623D4A935004811BC /* Info.plist */ = {isa = PBXFileReference; lastKnownFileType = text.plist.xml; path = Info.plist; sourceTree = "<group>"; };
		D7DDFFBC23D4CBE6004811BC /* Concentration.swift */ = {isa = PBXFileReference; lastKnownFileType = sourcecode.swift; path = Concentration.swift; sourceTree = "<group>"; };
		D7DDFFBE23D4D714004811BC /* Card.swift */ = {isa = PBXFileReference; lastKnownFileType = sourcecode.swift; path = Card.swift; sourceTree = "<group>"; };
/* End PBXFileReference section */

/* Begin PBXFrameworksBuildPhase section */
		D7DDFFA223D4A934004811BC /* Frameworks */ = {
			isa = PBXFrameworksBuildPhase;
			buildActionMask = 2147483647;
			files = (
			);
			runOnlyForDeploymentPostprocessing = 0;
		};
/* End PBXFrameworksBuildPhase section */

/* Begin PBXGroup section */
		D7DDFF9C23D4A933004811BC = {
			isa = PBXGroup;
			children = (
				D7DDFFA723D4A934004811BC /* Concentration */,
				D7DDFFA623D4A934004811BC /* Products */,
			);
			sourceTree = "<group>";
		};
		D7DDFFA623D4A934004811BC /* Products */ = {
			isa = PBXGroup;
			children = (
				D7DDFFA523D4A934004811BC /* Concentration.app */,
			);
			name = Products;
			sourceTree = "<group>";
		};
		D7DDFFA723D4A934004811BC /* Concentration */ = {
			isa = PBXGroup;
			children = (
				D7DDFFA823D4A934004811BC /* AppDelegate.swift */,
				D7DDFFAA23D4A934004811BC /* SceneDelegate.swift */,
				D7DDFFAC23D4A934004811BC /* ViewController.swift */,
				D7DDFFAE23D4A934004811BC /* Main.storyboard */,
				D7DDFFB123D4A935004811BC /* Assets.xcassets */,
				D7DDFFB323D4A935004811BC /* LaunchScreen.storyboard */,
				D7DDFFB623D4A935004811BC /* Info.plist */,
				D7DDFFBC23D4CBE6004811BC /* Concentration.swift */,
				D7DDFFBE23D4D714004811BC /* Card.swift */,
			);
			path = Concentration;
			sourceTree = "<group>";
		};
/* End PBXGroup section */

/* Begin PBXNativeTarget section */
		D7DDFFA423D4A934004811BC /* Concentration */ = {
			isa = PBXNativeTarget;
			buildConfigurationList = D7DDFFB923D4A935004811BC /* Build configuration list for PBXNativeTarget "Concentration" */;
			buildPhases = (
				D7DDFFA123D4A934004811BC /* Sources */,
				D7DDFFA223D4A934004811BC /* Frameworks */,
				D7DDFFA323D4A934004811BC /* Resources */,
			);
			buildRules = (
			);
			dependencies = (
			);
			name = Concentration;
			productName = Concentration;
			productReference = D7DDFFA523D4A934004811BC /* Concentration.app */;
			productType = "com.apple.product-type.application";
		};
/* End PBXNativeTarget section */

/* Begin PBXProject section */
		D7DDFF9D23D4A933004811BC /* Project object */ = {
			isa = PBXProject;
			attributes = {
				LastSwiftUpdateCheck = 1110;
				LastUpgradeCheck = 1110;
				ORGANIZATIONNAME = wtildestar;
				TargetAttributes = {
					D7DDFFA423D4A934004811BC = {
						CreatedOnToolsVersion = 11.1;
					};
				};
			};
			buildConfigurationList = D7DDFFA023D4A933004811BC /* Build configuration list for PBXProject "Concentration" */;
			compatibilityVersion = "Xcode 9.3";
			developmentRegion = en;
			hasScannedForEncodings = 0;
			knownRegions = (
				en,
				Base,
			);
			mainGroup = D7DDFF9C23D4A933004811BC;
			productRefGroup = D7DDFFA623D4A934004811BC /* Products */;
			projectDirPath = "";
			projectRoot = "";
			targets = (
				D7DDFFA423D4A934004811BC /* Concentration */,
			);
		};
/* End PBXProject section */

/* Begin PBXResourcesBuildPhase section */
		D7DDFFA323D4A934004811BC /* Resources */ = {
			isa = PBXResourcesBuildPhase;
			buildActionMask = 2147483647;
			files = (
				D7DDFFB523D4A935004811BC /* LaunchScreen.storyboard in Resources */,
				D7DDFFB223D4A935004811BC /* Assets.xcassets in Resources */,
				D7DDFFB023D4A934004811BC /* Main.storyboard in Resources */,
			);
			runOnlyForDeploymentPostprocessing = 0;
		};
/* End PBXResourcesBuildPhase section */

/* Begin PBXSourcesBuildPhase section */
		D7DDFFA123D4A934004811BC /* Sources */ = {
			isa = PBXSourcesBuildPhase;
			buildActionMask = 2147483647;
			files = (
				D7DDFFAD23D4A934004811BC /* ViewController.swift in Sources */,
				D7DDFFBD23D4CBE7004811BC /* Concentration.swift in Sources */,
				D7DDFFBF23D4D714004811BC /* Card.swift in Sources */,
				D7DDFFA923D4A934004811BC /* AppDelegate.swift in Sources */,
				D7DDFFAB23D4A934004811BC /* SceneDelegate.swift in Sources */,
			);
			runOnlyForDeploymentPostprocessing = 0;
		};
/* End PBXSourcesBuildPhase section */

/* Begin PBXVariantGroup section */
		D7DDFFAE23D4A934004811BC /* Main.storyboard */ = {
			isa = PBXVariantGroup;
			children = (
				D7DDFFAF23D4A934004811BC /* Base */,
			);
			name = Main.storyboard;
			sourceTree = "<group>";
		};
		D7DDFFB323D4A935004811BC /* LaunchScreen.storyboard */ = {
			isa = PBXVariantGroup;
			children = (
				D7DDFFB423D4A935004811BC /* Base */,
			);
			name = LaunchScreen.storyboard;
			sourceTree = "<group>";
		};
/* End PBXVariantGroup section */

/* Begin XCBuildConfiguration section */
		D7DDFFB723D4A935004811BC /* Debug */ = {
			isa = XCBuildConfiguration;
			buildSettings = {
				ALWAYS_SEARCH_USER_PATHS = NO;
				CLANG_ANALYZER_NONNULL = YES;
				CLANG_ANALYZER_NUMBER_OBJECT_CONVERSION = YES_AGGRESSIVE;
				CLANG_CXX_LANGUAGE_STANDARD = "gnu++14";
				CLANG_CXX_LIBRARY = "libc++";
				CLANG_ENABLE_MODULES = YES;
				CLANG_ENABLE_OBJC_ARC = YES;
				CLANG_ENABLE_OBJC_WEAK = YES;
				CLANG_WARN_BLOCK_CAPTURE_AUTORELEASING = YES;
				CLANG_WARN_BOOL_CONVERSION = YES;
				CLANG_WARN_COMMA = YES;
				CLANG_WARN_CONSTANT_CONVERSION = YES;
				CLANG_WARN_DEPRECATED_OBJC_IMPLEMENTATIONS = YES;
				CLANG_WARN_DIRECT_OBJC_ISA_USAGE = YES_ERROR;
				CLANG_WARN_DOCUMENTATION_COMMENTS = YES;
				CLANG_WARN_EMPTY_BODY = YES;
				CLANG_WARN_ENUM_CONVERSION = YES;
				CLANG_WARN_INFINITE_RECURSION = YES;
				CLANG_WARN_INT_CONVERSION = YES;
				CLANG_WARN_NON_LITERAL_NULL_CONVERSION = YES;
				CLANG_WARN_OBJC_IMPLICIT_RETAIN_SELF = YES;
				CLANG_WARN_OBJC_LITERAL_CONVERSION = YES;
				CLANG_WARN_OBJC_ROOT_CLASS = YES_ERROR;
				CLANG_WARN_RANGE_LOOP_ANALYSIS = YES;
				CLANG_WARN_STRICT_PROTOTYPES = YES;
				CLANG_WARN_SUSPICIOUS_MOVE = YES;
				CLANG_WARN_UNGUARDED_AVAILABILITY = YES_AGGRESSIVE;
				CLANG_WARN_UNREACHABLE_CODE = YES;
				CLANG_WARN__DUPLICATE_METHOD_MATCH = YES;
				COPY_PHASE_STRIP = NO;
				DEBUG_INFORMATION_FORMAT = dwarf;
				ENABLE_STRICT_OBJC_MSGSEND = YES;
				ENABLE_TESTABILITY = YES;
				GCC_C_LANGUAGE_STANDARD = gnu11;
				GCC_DYNAMIC_NO_PIC = NO;
				GCC_NO_COMMON_BLOCKS = YES;
				GCC_OPTIMIZATION_LEVEL = 0;
				GCC_PREPROCESSOR_DEFINITIONS = (
					"DEBUG=1",
					"$(inherited)",
				);
				GCC_WARN_64_TO_32_BIT_CONVERSION = YES;
				GCC_WARN_ABOUT_RETURN_TYPE = YES_ERROR;
				GCC_WARN_UNDECLARED_SELECTOR = YES;
				GCC_WARN_UNINITIALIZED_AUTOS = YES_AGGRESSIVE;
				GCC_WARN_UNUSED_FUNCTION = YES;
				GCC_WARN_UNUSED_VARIABLE = YES;
				IPHONEOS_DEPLOYMENT_TARGET = 13.1;
				MTL_ENABLE_DEBUG_INFO = INCLUDE_SOURCE;
				MTL_FAST_MATH = YES;
				ONLY_ACTIVE_ARCH = YES;
				SDKROOT = iphoneos;
				SWIFT_ACTIVE_COMPILATION_CONDITIONS = DEBUG;
				SWIFT_OPTIMIZATION_LEVEL = "-Onone";
			};
			name = Debug;
		};
		D7DDFFB823D4A935004811BC /* Release */ = {
			isa = XCBuildConfiguration;
			buildSettings = {
				ALWAYS_SEARCH_USER_PATHS = NO;
				CLANG_ANALYZER_NONNULL = YES;
				CLANG_ANALYZER_NUMBER_OBJECT_CONVERSION = YES_AGGRESSIVE;
				CLANG_CXX_LANGUAGE_STANDARD = "gnu++14";
				CLANG_CXX_LIBRARY = "libc++";
				CLANG_ENABLE_MODULES = YES;
				CLANG_ENABLE_OBJC_ARC = YES;
				CLANG_ENABLE_OBJC_WEAK = YES;
				CLANG_WARN_BLOCK_CAPTURE_AUTORELEASING = YES;
				CLANG_WARN_BOOL_CONVERSION = YES;
				CLANG_WARN_COMMA = YES;
				CLANG_WARN_CONSTANT_CONVERSION = YES;
				CLANG_WARN_DEPRECATED_OBJC_IMPLEMENTATIONS = YES;
				CLANG_WARN_DIRECT_OBJC_ISA_USAGE = YES_ERROR;
				CLANG_WARN_DOCUMENTATION_COMMENTS = YES;
				CLANG_WARN_EMPTY_BODY = YES;
				CLANG_WARN_ENUM_CONVERSION = YES;
				CLANG_WARN_INFINITE_RECURSION = YES;
				CLANG_WARN_INT_CONVERSION = YES;
				CLANG_WARN_NON_LITERAL_NULL_CONVERSION = YES;
				CLANG_WARN_OBJC_IMPLICIT_RETAIN_SELF = YES;
				CLANG_WARN_OBJC_LITERAL_CONVERSION = YES;
				CLANG_WARN_OBJC_ROOT_CLASS = YES_ERROR;
				CLANG_WARN_RANGE_LOOP_ANALYSIS = YES;
				CLANG_WARN_STRICT_PROTOTYPES = YES;
				CLANG_WARN_SUSPICIOUS_MOVE = YES;
				CLANG_WARN_UNGUARDED_AVAILABILITY = YES_AGGRESSIVE;
				CLANG_WARN_UNREACHABLE_CODE = YES;
				CLANG_WARN__DUPLICATE_METHOD_MATCH = YES;
				COPY_PHASE_STRIP = NO;
				DEBUG_INFORMATION_FORMAT = "dwarf-with-dsym";
				ENABLE_NS_ASSERTIONS = NO;
				ENABLE_STRICT_OBJC_MSGSEND = YES;
				GCC_C_LANGUAGE_STANDARD = gnu11;
				GCC_NO_COMMON_BLOCKS = YES;
				GCC_WARN_64_TO_32_BIT_CONVERSION = YES;
				GCC_WARN_ABOUT_RETURN_TYPE = YES_ERROR;
				GCC_WARN_UNDECLARED_SELECTOR = YES;
				GCC_WARN_UNINITIALIZED_AUTOS = YES_AGGRESSIVE;
				GCC_WARN_UNUSED_FUNCTION = YES;
				GCC_WARN_UNUSED_VARIABLE = YES;
				IPHONEOS_DEPLOYMENT_TARGET = 13.1;
				MTL_ENABLE_DEBUG_INFO = NO;
				MTL_FAST_MATH = YES;
				SDKROOT = iphoneos;
				SWIFT_COMPILATION_MODE = wholemodule;
				SWIFT_OPTIMIZATION_LEVEL = "-O";
				VALIDATE_PRODUCT = YES;
			};
			name = Release;
		};
		D7DDFFBA23D4A935004811BC /* Debug */ = {
			isa = XCBuildConfiguration;
			buildSettings = {
				ASSETCATALOG_COMPILER_APPICON_NAME = AppIcon;
				CODE_SIGN_STYLE = Automatic;
				INFOPLIST_FILE = Concentration/Info.plist;
				LD_RUNPATH_SEARCH_PATHS = (
					"$(inherited)",
					"@executable_path/Frameworks",
				);
				PRODUCT_BUNDLE_IDENTIFIER = com.wtildestar.Concentration;
				PRODUCT_NAME = "$(TARGET_NAME)";
				SWIFT_VERSION = 5.0;
				TARGETED_DEVICE_FAMILY = "1,2";
			};
			name = Debug;
		};
		D7DDFFBB23D4A935004811BC /* Release */ = {
			isa = XCBuildConfiguration;
			buildSettings = {
				ASSETCATALOG_COMPILER_APPICON_NAME = AppIcon;
				CODE_SIGN_STYLE = Automatic;
				INFOPLIST_FILE = Concentration/Info.plist;
				LD_RUNPATH_SEARCH_PATHS = (
					"$(inherited)",
					"@executable_path/Frameworks",
				);
				PRODUCT_BUNDLE_IDENTIFIER = com.wtildestar.Concentration;
				PRODUCT_NAME = "$(TARGET_NAME)";
				SWIFT_VERSION = 5.0;
				TARGETED_DEVICE_FAMILY = "1,2";
			};
			name = Release;
		};
/* End XCBuildConfiguration section */

/* Begin XCConfigurationList section */
		D7DDFFA023D4A933004811BC /* Build configuration list for PBXProject "Concentration" */ = {
			isa = XCConfigurationList;
			buildConfigurations = (
				D7DDFFB723D4A935004811BC /* Debug */,
				D7DDFFB823D4A935004811BC /* Release */,
			);
			defaultConfigurationIsVisible = 0;
			defaultConfigurationName = Release;
		};
		D7DDFFB923D4A935004811BC /* Build configuration list for PBXNativeTarget "Concentration" */ = {
			isa = XCConfigurationList;
			buildConfigurations = (
				D7DDFFBA23D4A935004811BC /* Debug */,
				D7DDFFBB23D4A935004811BC /* Release */,
			);
			defaultConfigurationIsVisible = 0;
			defaultConfigurationName = Release;
		};
/* End XCConfigurationList section */
	};
	rootObject = D7DDFF9D23D4A933004811BC /* Project object */;
}
