// !$*UTF8*$!
{
	archiveVersion = 1;
	classes = {
	};
	objectVersion = 50;
	objects = {

/* Begin PBXBuildFile section */
		D76818AF24217EBC00F45DFE /* CounterNewValue.swift in Sources */ = {isa = PBXBuildFile; fileRef = D76818AE24217EBC00F45DFE /* CounterNewValue.swift */; };
		D76818B12422446300F45DFE /* CounterViewController+Ext.swift in Sources */ = {isa = PBXBuildFile; fileRef = D76818B02422446300F45DFE /* CounterViewController+Ext.swift */; };
		D76818B324276D3A00F45DFE /* HeaderView.swift in Sources */ = {isa = PBXBuildFile; fileRef = D76818B224276D3900F45DFE /* HeaderView.swift */; };
		D7E59D9F241D1D4D00FC48B8 /* AppDelegate.swift in Sources */ = {isa = PBXBuildFile; fileRef = D7E59D9E241D1D4D00FC48B8 /* AppDelegate.swift */; };
		D7E59DA1241D1D4D00FC48B8 /* SceneDelegate.swift in Sources */ = {isa = PBXBuildFile; fileRef = D7E59DA0241D1D4D00FC48B8 /* SceneDelegate.swift */; };
		D7E59DA6241D1D4E00FC48B8 /* Main.storyboard in Resources */ = {isa = PBXBuildFile; fileRef = D7E59DA4241D1D4E00FC48B8 /* Main.storyboard */; };
		D7E59DA8241D1D5000FC48B8 /* Assets.xcassets in Resources */ = {isa = PBXBuildFile; fileRef = D7E59DA7241D1D5000FC48B8 /* Assets.xcassets */; };
		D7E59DAB241D1D5000FC48B8 /* LaunchScreen.storyboard in Resources */ = {isa = PBXBuildFile; fileRef = D7E59DA9241D1D5000FC48B8 /* LaunchScreen.storyboard */; };
		D7E59DB3241D28A900FC48B8 /* AuthViewController.swift in Sources */ = {isa = PBXBuildFile; fileRef = D7E59DB2241D28A900FC48B8 /* AuthViewController.swift */; };
		D7E59DB9241D2DFC00FC48B8 /* NetworkManager.swift in Sources */ = {isa = PBXBuildFile; fileRef = D7E59DB8241D2DFC00FC48B8 /* NetworkManager.swift */; };
		D7E59DBC241D2EAE00FC48B8 /* User.swift in Sources */ = {isa = PBXBuildFile; fileRef = D7E59DBB241D2EAE00FC48B8 /* User.swift */; };
		D7E59DBE241DEDE300FC48B8 /* UserResponse.swift in Sources */ = {isa = PBXBuildFile; fileRef = D7E59DBD241DEDE300FC48B8 /* UserResponse.swift */; };
		D7E59DCD241F773E00FC48B8 /* MDError.swift in Sources */ = {isa = PBXBuildFile; fileRef = D7E59DCC241F773E00FC48B8 /* MDError.swift */; };
		D7E59DD3241F923600FC48B8 /* Counters.swift in Sources */ = {isa = PBXBuildFile; fileRef = D7E59DD2241F923500FC48B8 /* Counters.swift */; };
		D7E59DD5241FD0AE00FC48B8 /* CountersViewController.swift in Sources */ = {isa = PBXBuildFile; fileRef = D7E59DD4241FD0AE00FC48B8 /* CountersViewController.swift */; };
		D7E59DD824209F1400FC48B8 /* CountersViewCell.swift in Sources */ = {isa = PBXBuildFile; fileRef = D7E59DD724209F1400FC48B8 /* CountersViewCell.swift */; };
/* End PBXBuildFile section */

/* Begin PBXFileReference section */
		D76818AE24217EBC00F45DFE /* CounterNewValue.swift */ = {isa = PBXFileReference; lastKnownFileType = sourcecode.swift; path = CounterNewValue.swift; sourceTree = "<group>"; };
		D76818B02422446300F45DFE /* CounterViewController+Ext.swift */ = {isa = PBXFileReference; lastKnownFileType = sourcecode.swift; path = "CounterViewController+Ext.swift"; sourceTree = "<group>"; };
		D76818B224276D3900F45DFE /* HeaderView.swift */ = {isa = PBXFileReference; lastKnownFileType = sourcecode.swift; path = HeaderView.swift; sourceTree = "<group>"; };
		D7E59D9B241D1D4D00FC48B8 /* MetersData.app */ = {isa = PBXFileReference; explicitFileType = wrapper.application; includeInIndex = 0; path = MetersData.app; sourceTree = BUILT_PRODUCTS_DIR; };
		D7E59D9E241D1D4D00FC48B8 /* AppDelegate.swift */ = {isa = PBXFileReference; lastKnownFileType = sourcecode.swift; path = AppDelegate.swift; sourceTree = "<group>"; };
		D7E59DA0241D1D4D00FC48B8 /* SceneDelegate.swift */ = {isa = PBXFileReference; lastKnownFileType = sourcecode.swift; path = SceneDelegate.swift; sourceTree = "<group>"; };
		D7E59DA5241D1D4E00FC48B8 /* Base */ = {isa = PBXFileReference; lastKnownFileType = file.storyboard; name = Base; path = Base.lproj/Main.storyboard; sourceTree = "<group>"; };
		D7E59DA7241D1D5000FC48B8 /* Assets.xcassets */ = {isa = PBXFileReference; lastKnownFileType = folder.assetcatalog; path = Assets.xcassets; sourceTree = "<group>"; };
		D7E59DAA241D1D5000FC48B8 /* Base */ = {isa = PBXFileReference; lastKnownFileType = file.storyboard; name = Base; path = Base.lproj/LaunchScreen.storyboard; sourceTree = "<group>"; };
		D7E59DAC241D1D5000FC48B8 /* Info.plist */ = {isa = PBXFileReference; lastKnownFileType = text.plist.xml; path = Info.plist; sourceTree = "<group>"; };
		D7E59DB2241D28A900FC48B8 /* AuthViewController.swift */ = {isa = PBXFileReference; lastKnownFileType = sourcecode.swift; path = AuthViewController.swift; sourceTree = "<group>"; };
		D7E59DB8241D2DFC00FC48B8 /* NetworkManager.swift */ = {isa = PBXFileReference; lastKnownFileType = sourcecode.swift; path = NetworkManager.swift; sourceTree = "<group>"; };
		D7E59DBB241D2EAE00FC48B8 /* User.swift */ = {isa = PBXFileReference; lastKnownFileType = sourcecode.swift; path = User.swift; sourceTree = "<group>"; };
		D7E59DBD241DEDE300FC48B8 /* UserResponse.swift */ = {isa = PBXFileReference; lastKnownFileType = sourcecode.swift; path = UserResponse.swift; sourceTree = "<group>"; };
		D7E59DCC241F773E00FC48B8 /* MDError.swift */ = {isa = PBXFileReference; lastKnownFileType = sourcecode.swift; path = MDError.swift; sourceTree = "<group>"; };
		D7E59DD2241F923500FC48B8 /* Counters.swift */ = {isa = PBXFileReference; lastKnownFileType = sourcecode.swift; path = Counters.swift; sourceTree = "<group>"; };
		D7E59DD4241FD0AE00FC48B8 /* CountersViewController.swift */ = {isa = PBXFileReference; lastKnownFileType = sourcecode.swift; path = CountersViewController.swift; sourceTree = "<group>"; };
		D7E59DD724209F1400FC48B8 /* CountersViewCell.swift */ = {isa = PBXFileReference; lastKnownFileType = sourcecode.swift; path = CountersViewCell.swift; sourceTree = "<group>"; };
/* End PBXFileReference section */

/* Begin PBXFrameworksBuildPhase section */
		D7E59D98241D1D4D00FC48B8 /* Frameworks */ = {
			isa = PBXFrameworksBuildPhase;
			buildActionMask = 2147483647;
			files = (
			);
			runOnlyForDeploymentPostprocessing = 0;
		};
/* End PBXFrameworksBuildPhase section */

/* Begin PBXGroup section */
		D7E59D92241D1D4D00FC48B8 = {
			isa = PBXGroup;
			children = (
				D7E59D9D241D1D4D00FC48B8 /* MetersData */,
				D7E59D9C241D1D4D00FC48B8 /* Products */,
			);
			sourceTree = "<group>";
		};
		D7E59D9C241D1D4D00FC48B8 /* Products */ = {
			isa = PBXGroup;
			children = (
				D7E59D9B241D1D4D00FC48B8 /* MetersData.app */,
			);
			name = Products;
			sourceTree = "<group>";
		};
		D7E59D9D241D1D4D00FC48B8 /* MetersData */ = {
			isa = PBXGroup;
			children = (
				D7E59DBF241DEEA700FC48B8 /* Utilities */,
				D7E59DBA241D2EA400FC48B8 /* Model */,
				D7E59DB7241D2DF200FC48B8 /* Manager */,
				D7E59DB6241D28D700FC48B8 /* View */,
				D7E59DB4241D28AF00FC48B8 /* Controllers */,
				D7E59DB5241D28B800FC48B8 /* Supporting files */,
				D7E59DAC241D1D5000FC48B8 /* Info.plist */,
			);
			path = MetersData;
			sourceTree = "<group>";
		};
		D7E59DB4241D28AF00FC48B8 /* Controllers */ = {
			isa = PBXGroup;
			children = (
				D7E59DD624209EB300FC48B8 /* Cells */,
				D7E59DB2241D28A900FC48B8 /* AuthViewController.swift */,
				D7E59DD4241FD0AE00FC48B8 /* CountersViewController.swift */,
				D76818B02422446300F45DFE /* CounterViewController+Ext.swift */,
			);
			path = Controllers;
			sourceTree = "<group>";
		};
		D7E59DB5241D28B800FC48B8 /* Supporting files */ = {
			isa = PBXGroup;
			children = (
				D7E59D9E241D1D4D00FC48B8 /* AppDelegate.swift */,
				D7E59DA0241D1D4D00FC48B8 /* SceneDelegate.swift */,
				D7E59DA7241D1D5000FC48B8 /* Assets.xcassets */,
				D7E59DA9241D1D5000FC48B8 /* LaunchScreen.storyboard */,
			);
			path = "Supporting files";
			sourceTree = "<group>";
		};
		D7E59DB6241D28D700FC48B8 /* View */ = {
			isa = PBXGroup;
			children = (
				D7E59DA4241D1D4E00FC48B8 /* Main.storyboard */,
			);
			path = View;
			sourceTree = "<group>";
		};
		D7E59DB7241D2DF200FC48B8 /* Manager */ = {
			isa = PBXGroup;
			children = (
				D7E59DB8241D2DFC00FC48B8 /* NetworkManager.swift */,
			);
			path = Manager;
			sourceTree = "<group>";
		};
		D7E59DBA241D2EA400FC48B8 /* Model */ = {
			isa = PBXGroup;
			children = (
				D7E59DBB241D2EAE00FC48B8 /* User.swift */,
				D7E59DBD241DEDE300FC48B8 /* UserResponse.swift */,
				D7E59DD2241F923500FC48B8 /* Counters.swift */,
				D76818AE24217EBC00F45DFE /* CounterNewValue.swift */,
			);
			path = Model;
			sourceTree = "<group>";
		};
		D7E59DBF241DEEA700FC48B8 /* Utilities */ = {
			isa = PBXGroup;
			children = (
				D7E59DCC241F773E00FC48B8 /* MDError.swift */,
			);
			path = Utilities;
			sourceTree = "<group>";
		};
		D7E59DD624209EB300FC48B8 /* Cells */ = {
			isa = PBXGroup;
			children = (
				D7E59DD724209F1400FC48B8 /* CountersViewCell.swift */,
				D76818B224276D3900F45DFE /* HeaderView.swift */,
			);
			path = Cells;
			sourceTree = "<group>";
		};
/* End PBXGroup section */

/* Begin PBXNativeTarget section */
		D7E59D9A241D1D4D00FC48B8 /* MetersData */ = {
			isa = PBXNativeTarget;
			buildConfigurationList = D7E59DAF241D1D5000FC48B8 /* Build configuration list for PBXNativeTarget "MetersData" */;
			buildPhases = (
				D7E59D97241D1D4D00FC48B8 /* Sources */,
				D7E59D98241D1D4D00FC48B8 /* Frameworks */,
				D7E59D99241D1D4D00FC48B8 /* Resources */,
			);
			buildRules = (
			);
			dependencies = (
			);
			name = MetersData;
			productName = MetersData;
			productReference = D7E59D9B241D1D4D00FC48B8 /* MetersData.app */;
			productType = "com.apple.product-type.application";
		};
/* End PBXNativeTarget section */

/* Begin PBXProject section */
		D7E59D93241D1D4D00FC48B8 /* Project object */ = {
			isa = PBXProject;
			attributes = {
				LastSwiftUpdateCheck = 1130;
				LastUpgradeCheck = 1130;
				ORGANIZATIONNAME = wtildestar;
				TargetAttributes = {
					D7E59D9A241D1D4D00FC48B8 = {
						CreatedOnToolsVersion = 11.3.1;
					};
				};
			};
			buildConfigurationList = D7E59D96241D1D4D00FC48B8 /* Build configuration list for PBXProject "MetersData" */;
			compatibilityVersion = "Xcode 9.3";
			developmentRegion = en;
			hasScannedForEncodings = 0;
			knownRegions = (
				en,
				Base,
			);
			mainGroup = D7E59D92241D1D4D00FC48B8;
			productRefGroup = D7E59D9C241D1D4D00FC48B8 /* Products */;
			projectDirPath = "";
			projectRoot = "";
			targets = (
				D7E59D9A241D1D4D00FC48B8 /* MetersData */,
			);
		};
/* End PBXProject section */

/* Begin PBXResourcesBuildPhase section */
		D7E59D99241D1D4D00FC48B8 /* Resources */ = {
			isa = PBXResourcesBuildPhase;
			buildActionMask = 2147483647;
			files = (
				D7E59DAB241D1D5000FC48B8 /* LaunchScreen.storyboard in Resources */,
				D7E59DA8241D1D5000FC48B8 /* Assets.xcassets in Resources */,
				D7E59DA6241D1D4E00FC48B8 /* Main.storyboard in Resources */,
			);
			runOnlyForDeploymentPostprocessing = 0;
		};
/* End PBXResourcesBuildPhase section */

/* Begin PBXSourcesBuildPhase section */
		D7E59D97241D1D4D00FC48B8 /* Sources */ = {
			isa = PBXSourcesBuildPhase;
			buildActionMask = 2147483647;
			files = (
				D76818B12422446300F45DFE /* CounterViewController+Ext.swift in Sources */,
				D7E59DB9241D2DFC00FC48B8 /* NetworkManager.swift in Sources */,
				D7E59D9F241D1D4D00FC48B8 /* AppDelegate.swift in Sources */,
				D76818AF24217EBC00F45DFE /* CounterNewValue.swift in Sources */,
				D7E59DD824209F1400FC48B8 /* CountersViewCell.swift in Sources */,
				D7E59DD3241F923600FC48B8 /* Counters.swift in Sources */,
				D7E59DB3241D28A900FC48B8 /* AuthViewController.swift in Sources */,
				D7E59DD5241FD0AE00FC48B8 /* CountersViewController.swift in Sources */,
				D7E59DCD241F773E00FC48B8 /* MDError.swift in Sources */,
				D7E59DBC241D2EAE00FC48B8 /* User.swift in Sources */,
				D7E59DA1241D1D4D00FC48B8 /* SceneDelegate.swift in Sources */,
				D7E59DBE241DEDE300FC48B8 /* UserResponse.swift in Sources */,
				D76818B324276D3A00F45DFE /* HeaderView.swift in Sources */,
			);
			runOnlyForDeploymentPostprocessing = 0;
		};
/* End PBXSourcesBuildPhase section */

/* Begin PBXVariantGroup section */
		D7E59DA4241D1D4E00FC48B8 /* Main.storyboard */ = {
			isa = PBXVariantGroup;
			children = (
				D7E59DA5241D1D4E00FC48B8 /* Base */,
			);
			name = Main.storyboard;
			sourceTree = "<group>";
		};
		D7E59DA9241D1D5000FC48B8 /* LaunchScreen.storyboard */ = {
			isa = PBXVariantGroup;
			children = (
				D7E59DAA241D1D5000FC48B8 /* Base */,
			);
			name = LaunchScreen.storyboard;
			sourceTree = "<group>";
		};
/* End PBXVariantGroup section */

/* Begin XCBuildConfiguration section */
		D7E59DAD241D1D5000FC48B8 /* Debug */ = {
			isa = XCBuildConfiguration;
			buildSettings = {
				ALWAYS_SEARCH_USER_PATHS = NO;
				CLANG_ANALYZER_NONNULL = YES;
				CLANG_ANALYZER_NUMBER_OBJECT_CONVERSION = YES_AGGRESSIVE;
				CLANG_CXX_LANGUAGE_STANDARD = "gnu++14";
				CLANG_CXX_LIBRARY = "libc++";
				CLANG_ENABLE_MODULES = YES;
				CLANG_ENABLE_OBJC_ARC = YES;
				CLANG_ENABLE_OBJC_WEAK = YES;
				CLANG_WARN_BLOCK_CAPTURE_AUTORELEASING = YES;
				CLANG_WARN_BOOL_CONVERSION = YES;
				CLANG_WARN_COMMA = YES;
				CLANG_WARN_CONSTANT_CONVERSION = YES;
				CLANG_WARN_DEPRECATED_OBJC_IMPLEMENTATIONS = YES;
				CLANG_WARN_DIRECT_OBJC_ISA_USAGE = YES_ERROR;
				CLANG_WARN_DOCUMENTATION_COMMENTS = YES;
				CLANG_WARN_EMPTY_BODY = YES;
				CLANG_WARN_ENUM_CONVERSION = YES;
				CLANG_WARN_INFINITE_RECURSION = YES;
				CLANG_WARN_INT_CONVERSION = YES;
				CLANG_WARN_NON_LITERAL_NULL_CONVERSION = YES;
				CLANG_WARN_OBJC_IMPLICIT_RETAIN_SELF = YES;
				CLANG_WARN_OBJC_LITERAL_CONVERSION = YES;
				CLANG_WARN_OBJC_ROOT_CLASS = YES_ERROR;
				CLANG_WARN_RANGE_LOOP_ANALYSIS = YES;
				CLANG_WARN_STRICT_PROTOTYPES = YES;
				CLANG_WARN_SUSPICIOUS_MOVE = YES;
				CLANG_WARN_UNGUARDED_AVAILABILITY = YES_AGGRESSIVE;
				CLANG_WARN_UNREACHABLE_CODE = YES;
				CLANG_WARN__DUPLICATE_METHOD_MATCH = YES;
				COPY_PHASE_STRIP = NO;
				DEBUG_INFORMATION_FORMAT = dwarf;
				ENABLE_STRICT_OBJC_MSGSEND = YES;
				ENABLE_TESTABILITY = YES;
				GCC_C_LANGUAGE_STANDARD = gnu11;
				GCC_DYNAMIC_NO_PIC = NO;
				GCC_NO_COMMON_BLOCKS = YES;
				GCC_OPTIMIZATION_LEVEL = 0;
				GCC_PREPROCESSOR_DEFINITIONS = (
					"DEBUG=1",
					"$(inherited)",
				);
				GCC_WARN_64_TO_32_BIT_CONVERSION = YES;
				GCC_WARN_ABOUT_RETURN_TYPE = YES_ERROR;
				GCC_WARN_UNDECLARED_SELECTOR = YES;
				GCC_WARN_UNINITIALIZED_AUTOS = YES_AGGRESSIVE;
				GCC_WARN_UNUSED_FUNCTION = YES;
				GCC_WARN_UNUSED_VARIABLE = YES;
				IPHONEOS_DEPLOYMENT_TARGET = 13.2;
				MTL_ENABLE_DEBUG_INFO = INCLUDE_SOURCE;
				MTL_FAST_MATH = YES;
				ONLY_ACTIVE_ARCH = YES;
				SDKROOT = iphoneos;
				SWIFT_ACTIVE_COMPILATION_CONDITIONS = DEBUG;
				SWIFT_OPTIMIZATION_LEVEL = "-Onone";
			};
			name = Debug;
		};
		D7E59DAE241D1D5000FC48B8 /* Release */ = {
			isa = XCBuildConfiguration;
			buildSettings = {
				ALWAYS_SEARCH_USER_PATHS = NO;
				CLANG_ANALYZER_NONNULL = YES;
				CLANG_ANALYZER_NUMBER_OBJECT_CONVERSION = YES_AGGRESSIVE;
				CLANG_CXX_LANGUAGE_STANDARD = "gnu++14";
				CLANG_CXX_LIBRARY = "libc++";
				CLANG_ENABLE_MODULES = YES;
				CLANG_ENABLE_OBJC_ARC = YES;
				CLANG_ENABLE_OBJC_WEAK = YES;
				CLANG_WARN_BLOCK_CAPTURE_AUTORELEASING = YES;
				CLANG_WARN_BOOL_CONVERSION = YES;
				CLANG_WARN_COMMA = YES;
				CLANG_WARN_CONSTANT_CONVERSION = YES;
				CLANG_WARN_DEPRECATED_OBJC_IMPLEMENTATIONS = YES;
				CLANG_WARN_DIRECT_OBJC_ISA_USAGE = YES_ERROR;
				CLANG_WARN_DOCUMENTATION_COMMENTS = YES;
				CLANG_WARN_EMPTY_BODY = YES;
				CLANG_WARN_ENUM_CONVERSION = YES;
				CLANG_WARN_INFINITE_RECURSION = YES;
				CLANG_WARN_INT_CONVERSION = YES;
				CLANG_WARN_NON_LITERAL_NULL_CONVERSION = YES;
				CLANG_WARN_OBJC_IMPLICIT_RETAIN_SELF = YES;
				CLANG_WARN_OBJC_LITERAL_CONVERSION = YES;
				CLANG_WARN_OBJC_ROOT_CLASS = YES_ERROR;
				CLANG_WARN_RANGE_LOOP_ANALYSIS = YES;
				CLANG_WARN_STRICT_PROTOTYPES = YES;
				CLANG_WARN_SUSPICIOUS_MOVE = YES;
				CLANG_WARN_UNGUARDED_AVAILABILITY = YES_AGGRESSIVE;
				CLANG_WARN_UNREACHABLE_CODE = YES;
				CLANG_WARN__DUPLICATE_METHOD_MATCH = YES;
				COPY_PHASE_STRIP = NO;
				DEBUG_INFORMATION_FORMAT = "dwarf-with-dsym";
				ENABLE_NS_ASSERTIONS = NO;
				ENABLE_STRICT_OBJC_MSGSEND = YES;
				GCC_C_LANGUAGE_STANDARD = gnu11;
				GCC_NO_COMMON_BLOCKS = YES;
				GCC_WARN_64_TO_32_BIT_CONVERSION = YES;
				GCC_WARN_ABOUT_RETURN_TYPE = YES_ERROR;
				GCC_WARN_UNDECLARED_SELECTOR = YES;
				GCC_WARN_UNINITIALIZED_AUTOS = YES_AGGRESSIVE;
				GCC_WARN_UNUSED_FUNCTION = YES;
				GCC_WARN_UNUSED_VARIABLE = YES;
				IPHONEOS_DEPLOYMENT_TARGET = 13.2;
				MTL_ENABLE_DEBUG_INFO = NO;
				MTL_FAST_MATH = YES;
				SDKROOT = iphoneos;
				SWIFT_COMPILATION_MODE = wholemodule;
				SWIFT_OPTIMIZATION_LEVEL = "-O";
				VALIDATE_PRODUCT = YES;
			};
			name = Release;
		};
		D7E59DB0241D1D5000FC48B8 /* Debug */ = {
			isa = XCBuildConfiguration;
			buildSettings = {
				ASSETCATALOG_COMPILER_APPICON_NAME = AppIcon;
				CODE_SIGN_STYLE = Automatic;
				DEVELOPMENT_TEAM = MYWL92898Y;
				INFOPLIST_FILE = MetersData/Info.plist;
				LD_RUNPATH_SEARCH_PATHS = (
					"$(inherited)",
					"@executable_path/Frameworks",
				);
				PRODUCT_BUNDLE_IDENTIFIER = com.wtildestar.MetersData;
				PRODUCT_NAME = "$(TARGET_NAME)";
				SWIFT_VERSION = 5.0;
				TARGETED_DEVICE_FAMILY = "1,2";
			};
			name = Debug;
		};
		D7E59DB1241D1D5000FC48B8 /* Release */ = {
			isa = XCBuildConfiguration;
			buildSettings = {
				ASSETCATALOG_COMPILER_APPICON_NAME = AppIcon;
				CODE_SIGN_STYLE = Automatic;
				DEVELOPMENT_TEAM = MYWL92898Y;
				INFOPLIST_FILE = MetersData/Info.plist;
				LD_RUNPATH_SEARCH_PATHS = (
					"$(inherited)",
					"@executable_path/Frameworks",
				);
				PRODUCT_BUNDLE_IDENTIFIER = com.wtildestar.MetersData;
				PRODUCT_NAME = "$(TARGET_NAME)";
				SWIFT_VERSION = 5.0;
				TARGETED_DEVICE_FAMILY = "1,2";
			};
			name = Release;
		};
/* End XCBuildConfiguration section */

/* Begin XCConfigurationList section */
		D7E59D96241D1D4D00FC48B8 /* Build configuration list for PBXProject "MetersData" */ = {
			isa = XCConfigurationList;
			buildConfigurations = (
				D7E59DAD241D1D5000FC48B8 /* Debug */,
				D7E59DAE241D1D5000FC48B8 /* Release */,
			);
			defaultConfigurationIsVisible = 0;
			defaultConfigurationName = Release;
		};
		D7E59DAF241D1D5000FC48B8 /* Build configuration list for PBXNativeTarget "MetersData" */ = {
			isa = XCConfigurationList;
			buildConfigurations = (
				D7E59DB0241D1D5000FC48B8 /* Debug */,
				D7E59DB1241D1D5000FC48B8 /* Release */,
			);
			defaultConfigurationIsVisible = 0;
			defaultConfigurationName = Release;
		};
/* End XCConfigurationList section */
	};
	rootObject = D7E59D93241D1D4D00FC48B8 /* Project object */;
}
