// !$*UTF8*$!
{
	archiveVersion = 1;
	classes = {
	};
	objectVersion = 50;
	objects = {

/* Begin PBXBuildFile section */
		D7DD000323D9D905004811BC /* PlayingCard.swift in Sources */ = {isa = PBXBuildFile; fileRef = D7DD000223D9D905004811BC /* PlayingCard.swift */; };
		D7DD000523D9EF1F004811BC /* PlayingCardDeck.swift in Sources */ = {isa = PBXBuildFile; fileRef = D7DD000423D9EF1E004811BC /* PlayingCardDeck.swift */; };
		D7DD000723DA1E85004811BC /* PlayingCardView.swift in Sources */ = {isa = PBXBuildFile; fileRef = D7DD000623DA1E85004811BC /* PlayingCardView.swift */; };
		D7DDFFEE23D9D8E7004811BC /* AppDelegate.swift in Sources */ = {isa = PBXBuildFile; fileRef = D7DDFFED23D9D8E7004811BC /* AppDelegate.swift */; };
		D7DDFFF023D9D8E7004811BC /* SceneDelegate.swift in Sources */ = {isa = PBXBuildFile; fileRef = D7DDFFEF23D9D8E7004811BC /* SceneDelegate.swift */; };
		D7DDFFF223D9D8E7004811BC /* ViewController.swift in Sources */ = {isa = PBXBuildFile; fileRef = D7DDFFF123D9D8E7004811BC /* ViewController.swift */; };
		D7DDFFF523D9D8E7004811BC /* Main.storyboard in Resources */ = {isa = PBXBuildFile; fileRef = D7DDFFF323D9D8E7004811BC /* Main.storyboard */; };
		D7DDFFF723D9D8E8004811BC /* Assets.xcassets in Resources */ = {isa = PBXBuildFile; fileRef = D7DDFFF623D9D8E8004811BC /* Assets.xcassets */; };
		D7DDFFFA23D9D8E8004811BC /* LaunchScreen.storyboard in Resources */ = {isa = PBXBuildFile; fileRef = D7DDFFF823D9D8E8004811BC /* LaunchScreen.storyboard */; };
/* End PBXBuildFile section */

/* Begin PBXFileReference section */
		D7DD000223D9D905004811BC /* PlayingCard.swift */ = {isa = PBXFileReference; lastKnownFileType = sourcecode.swift; path = PlayingCard.swift; sourceTree = "<group>"; wrapsLines = 0; };
		D7DD000423D9EF1E004811BC /* PlayingCardDeck.swift */ = {isa = PBXFileReference; lastKnownFileType = sourcecode.swift; path = PlayingCardDeck.swift; sourceTree = "<group>"; };
		D7DD000623DA1E85004811BC /* PlayingCardView.swift */ = {isa = PBXFileReference; lastKnownFileType = sourcecode.swift; path = PlayingCardView.swift; sourceTree = "<group>"; };
		D7DDFFEA23D9D8E7004811BC /* PlayingCard.app */ = {isa = PBXFileReference; explicitFileType = wrapper.application; includeInIndex = 0; path = PlayingCard.app; sourceTree = BUILT_PRODUCTS_DIR; };
		D7DDFFED23D9D8E7004811BC /* AppDelegate.swift */ = {isa = PBXFileReference; lastKnownFileType = sourcecode.swift; path = AppDelegate.swift; sourceTree = "<group>"; };
		D7DDFFEF23D9D8E7004811BC /* SceneDelegate.swift */ = {isa = PBXFileReference; lastKnownFileType = sourcecode.swift; path = SceneDelegate.swift; sourceTree = "<group>"; };
		D7DDFFF123D9D8E7004811BC /* ViewController.swift */ = {isa = PBXFileReference; lastKnownFileType = sourcecode.swift; path = ViewController.swift; sourceTree = "<group>"; };
		D7DDFFF423D9D8E7004811BC /* Base */ = {isa = PBXFileReference; lastKnownFileType = file.storyboard; name = Base; path = Base.lproj/Main.storyboard; sourceTree = "<group>"; };
		D7DDFFF623D9D8E8004811BC /* Assets.xcassets */ = {isa = PBXFileReference; lastKnownFileType = folder.assetcatalog; path = Assets.xcassets; sourceTree = "<group>"; };
		D7DDFFF923D9D8E8004811BC /* Base */ = {isa = PBXFileReference; lastKnownFileType = file.storyboard; name = Base; path = Base.lproj/LaunchScreen.storyboard; sourceTree = "<group>"; };
		D7DDFFFB23D9D8E8004811BC /* Info.plist */ = {isa = PBXFileReference; lastKnownFileType = text.plist.xml; path = Info.plist; sourceTree = "<group>"; };
/* End PBXFileReference section */

/* Begin PBXFrameworksBuildPhase section */
		D7DDFFE723D9D8E7004811BC /* Frameworks */ = {
			isa = PBXFrameworksBuildPhase;
			buildActionMask = 2147483647;
			files = (
			);
			runOnlyForDeploymentPostprocessing = 0;
		};
/* End PBXFrameworksBuildPhase section */

/* Begin PBXGroup section */
		D7DD000123D9D8F3004811BC /* Supporting files */ = {
			isa = PBXGroup;
			children = (
				D7DDFFED23D9D8E7004811BC /* AppDelegate.swift */,
				D7DDFFEF23D9D8E7004811BC /* SceneDelegate.swift */,
				D7DDFFF823D9D8E8004811BC /* LaunchScreen.storyboard */,
			);
			path = "Supporting files";
			sourceTree = "<group>";
		};
		D7DDFFE123D9D8E7004811BC = {
			isa = PBXGroup;
			children = (
				D7DDFFEC23D9D8E7004811BC /* PlayingCard */,
				D7DDFFEB23D9D8E7004811BC /* Products */,
			);
			sourceTree = "<group>";
		};
		D7DDFFEB23D9D8E7004811BC /* Products */ = {
			isa = PBXGroup;
			children = (
				D7DDFFEA23D9D8E7004811BC /* PlayingCard.app */,
			);
			name = Products;
			sourceTree = "<group>";
		};
		D7DDFFEC23D9D8E7004811BC /* PlayingCard */ = {
			isa = PBXGroup;
			children = (
				D7DD000123D9D8F3004811BC /* Supporting files */,
				D7DDFFF123D9D8E7004811BC /* ViewController.swift */,
				D7DD000623DA1E85004811BC /* PlayingCardView.swift */,
				D7DDFFF323D9D8E7004811BC /* Main.storyboard */,
				D7DDFFF623D9D8E8004811BC /* Assets.xcassets */,
				D7DDFFFB23D9D8E8004811BC /* Info.plist */,
				D7DD000223D9D905004811BC /* PlayingCard.swift */,
				D7DD000423D9EF1E004811BC /* PlayingCardDeck.swift */,
			);
			path = PlayingCard;
			sourceTree = "<group>";
		};
/* End PBXGroup section */

/* Begin PBXNativeTarget section */
		D7DDFFE923D9D8E7004811BC /* PlayingCard */ = {
			isa = PBXNativeTarget;
			buildConfigurationList = D7DDFFFE23D9D8E8004811BC /* Build configuration list for PBXNativeTarget "PlayingCard" */;
			buildPhases = (
				D7DDFFE623D9D8E7004811BC /* Sources */,
				D7DDFFE723D9D8E7004811BC /* Frameworks */,
				D7DDFFE823D9D8E7004811BC /* Resources */,
			);
			buildRules = (
			);
			dependencies = (
			);
			name = PlayingCard;
			productName = PlayingCard;
			productReference = D7DDFFEA23D9D8E7004811BC /* PlayingCard.app */;
			productType = "com.apple.product-type.application";
		};
/* End PBXNativeTarget section */

/* Begin PBXProject section */
		D7DDFFE223D9D8E7004811BC /* Project object */ = {
			isa = PBXProject;
			attributes = {
				LastSwiftUpdateCheck = 1110;
				LastUpgradeCheck = 1110;
				ORGANIZATIONNAME = wtildestar;
				TargetAttributes = {
					D7DDFFE923D9D8E7004811BC = {
						CreatedOnToolsVersion = 11.1;
					};
				};
			};
			buildConfigurationList = D7DDFFE523D9D8E7004811BC /* Build configuration list for PBXProject "PlayingCard" */;
			compatibilityVersion = "Xcode 9.3";
			developmentRegion = en;
			hasScannedForEncodings = 0;
			knownRegions = (
				en,
				Base,
			);
			mainGroup = D7DDFFE123D9D8E7004811BC;
			productRefGroup = D7DDFFEB23D9D8E7004811BC /* Products */;
			projectDirPath = "";
			projectRoot = "";
			targets = (
				D7DDFFE923D9D8E7004811BC /* PlayingCard */,
			);
		};
/* End PBXProject section */

/* Begin PBXResourcesBuildPhase section */
		D7DDFFE823D9D8E7004811BC /* Resources */ = {
			isa = PBXResourcesBuildPhase;
			buildActionMask = 2147483647;
			files = (
				D7DDFFFA23D9D8E8004811BC /* LaunchScreen.storyboard in Resources */,
				D7DDFFF723D9D8E8004811BC /* Assets.xcassets in Resources */,
				D7DDFFF523D9D8E7004811BC /* Main.storyboard in Resources */,
			);
			runOnlyForDeploymentPostprocessing = 0;
		};
/* End PBXResourcesBuildPhase section */

/* Begin PBXSourcesBuildPhase section */
		D7DDFFE623D9D8E7004811BC /* Sources */ = {
			isa = PBXSourcesBuildPhase;
			buildActionMask = 2147483647;
			files = (
				D7DDFFF223D9D8E7004811BC /* ViewController.swift in Sources */,
				D7DD000723DA1E85004811BC /* PlayingCardView.swift in Sources */,
				D7DDFFEE23D9D8E7004811BC /* AppDelegate.swift in Sources */,
				D7DD000523D9EF1F004811BC /* PlayingCardDeck.swift in Sources */,
				D7DD000323D9D905004811BC /* PlayingCard.swift in Sources */,
				D7DDFFF023D9D8E7004811BC /* SceneDelegate.swift in Sources */,
			);
			runOnlyForDeploymentPostprocessing = 0;
		};
/* End PBXSourcesBuildPhase section */

/* Begin PBXVariantGroup section */
		D7DDFFF323D9D8E7004811BC /* Main.storyboard */ = {
			isa = PBXVariantGroup;
			children = (
				D7DDFFF423D9D8E7004811BC /* Base */,
			);
			name = Main.storyboard;
			sourceTree = "<group>";
		};
		D7DDFFF823D9D8E8004811BC /* LaunchScreen.storyboard */ = {
			isa = PBXVariantGroup;
			children = (
				D7DDFFF923D9D8E8004811BC /* Base */,
			);
			name = LaunchScreen.storyboard;
			sourceTree = "<group>";
		};
/* End PBXVariantGroup section */

/* Begin XCBuildConfiguration section */
		D7DD000023D9D8E8004811BC /* Release */ = {
			isa = XCBuildConfiguration;
			buildSettings = {
				ASSETCATALOG_COMPILER_APPICON_NAME = AppIcon;
				CODE_SIGN_STYLE = Automatic;
				INFOPLIST_FILE = PlayingCard/Info.plist;
				LD_RUNPATH_SEARCH_PATHS = (
					"$(inherited)",
					"@executable_path/Frameworks",
				);
				PRODUCT_BUNDLE_IDENTIFIER = com.wtildestar.PlayingCard;
				PRODUCT_NAME = "$(TARGET_NAME)";
				SWIFT_VERSION = 5.0;
				TARGETED_DEVICE_FAMILY = "1,2";
			};
			name = Release;
		};
		D7DDFFFC23D9D8E8004811BC /* Debug */ = {
			isa = XCBuildConfiguration;
			buildSettings = {
				ALWAYS_SEARCH_USER_PATHS = NO;
				CLANG_ANALYZER_NONNULL = YES;
				CLANG_ANALYZER_NUMBER_OBJECT_CONVERSION = YES_AGGRESSIVE;
				CLANG_CXX_LANGUAGE_STANDARD = "gnu++14";
				CLANG_CXX_LIBRARY = "libc++";
				CLANG_ENABLE_MODULES = YES;
				CLANG_ENABLE_OBJC_ARC = YES;
				CLANG_ENABLE_OBJC_WEAK = YES;
				CLANG_WARN_BLOCK_CAPTURE_AUTORELEASING = YES;
				CLANG_WARN_BOOL_CONVERSION = YES;
				CLANG_WARN_COMMA = YES;
				CLANG_WARN_CONSTANT_CONVERSION = YES;
				CLANG_WARN_DEPRECATED_OBJC_IMPLEMENTATIONS = YES;
				CLANG_WARN_DIRECT_OBJC_ISA_USAGE = YES_ERROR;
				CLANG_WARN_DOCUMENTATION_COMMENTS = YES;
				CLANG_WARN_EMPTY_BODY = YES;
				CLANG_WARN_ENUM_CONVERSION = YES;
				CLANG_WARN_INFINITE_RECURSION = YES;
				CLANG_WARN_INT_CONVERSION = YES;
				CLANG_WARN_NON_LITERAL_NULL_CONVERSION = YES;
				CLANG_WARN_OBJC_IMPLICIT_RETAIN_SELF = YES;
				CLANG_WARN_OBJC_LITERAL_CONVERSION = YES;
				CLANG_WARN_OBJC_ROOT_CLASS = YES_ERROR;
				CLANG_WARN_RANGE_LOOP_ANALYSIS = YES;
				CLANG_WARN_STRICT_PROTOTYPES = YES;
				CLANG_WARN_SUSPICIOUS_MOVE = YES;
				CLANG_WARN_UNGUARDED_AVAILABILITY = YES_AGGRESSIVE;
				CLANG_WARN_UNREACHABLE_CODE = YES;
				CLANG_WARN__DUPLICATE_METHOD_MATCH = YES;
				COPY_PHASE_STRIP = NO;
				DEBUG_INFORMATION_FORMAT = dwarf;
				ENABLE_STRICT_OBJC_MSGSEND = YES;
				ENABLE_TESTABILITY = YES;
				GCC_C_LANGUAGE_STANDARD = gnu11;
				GCC_DYNAMIC_NO_PIC = NO;
				GCC_NO_COMMON_BLOCKS = YES;
				GCC_OPTIMIZATION_LEVEL = 0;
				GCC_PREPROCESSOR_DEFINITIONS = (
					"DEBUG=1",
					"$(inherited)",
				);
				GCC_WARN_64_TO_32_BIT_CONVERSION = YES;
				GCC_WARN_ABOUT_RETURN_TYPE = YES_ERROR;
				GCC_WARN_UNDECLARED_SELECTOR = YES;
				GCC_WARN_UNINITIALIZED_AUTOS = YES_AGGRESSIVE;
				GCC_WARN_UNUSED_FUNCTION = YES;
				GCC_WARN_UNUSED_VARIABLE = YES;
				IPHONEOS_DEPLOYMENT_TARGET = 13.1;
				MTL_ENABLE_DEBUG_INFO = INCLUDE_SOURCE;
				MTL_FAST_MATH = YES;
				ONLY_ACTIVE_ARCH = YES;
				SDKROOT = iphoneos;
				SWIFT_ACTIVE_COMPILATION_CONDITIONS = DEBUG;
				SWIFT_OPTIMIZATION_LEVEL = "-Onone";
			};
			name = Debug;
		};
		D7DDFFFD23D9D8E8004811BC /* Release */ = {
			isa = XCBuildConfiguration;
			buildSettings = {
				ALWAYS_SEARCH_USER_PATHS = NO;
				CLANG_ANALYZER_NONNULL = YES;
				CLANG_ANALYZER_NUMBER_OBJECT_CONVERSION = YES_AGGRESSIVE;
				CLANG_CXX_LANGUAGE_STANDARD = "gnu++14";
				CLANG_CXX_LIBRARY = "libc++";
				CLANG_ENABLE_MODULES = YES;
				CLANG_ENABLE_OBJC_ARC = YES;
				CLANG_ENABLE_OBJC_WEAK = YES;
				CLANG_WARN_BLOCK_CAPTURE_AUTORELEASING = YES;
				CLANG_WARN_BOOL_CONVERSION = YES;
				CLANG_WARN_COMMA = YES;
				CLANG_WARN_CONSTANT_CONVERSION = YES;
				CLANG_WARN_DEPRECATED_OBJC_IMPLEMENTATIONS = YES;
				CLANG_WARN_DIRECT_OBJC_ISA_USAGE = YES_ERROR;
				CLANG_WARN_DOCUMENTATION_COMMENTS = YES;
				CLANG_WARN_EMPTY_BODY = YES;
				CLANG_WARN_ENUM_CONVERSION = YES;
				CLANG_WARN_INFINITE_RECURSION = YES;
				CLANG_WARN_INT_CONVERSION = YES;
				CLANG_WARN_NON_LITERAL_NULL_CONVERSION = YES;
				CLANG_WARN_OBJC_IMPLICIT_RETAIN_SELF = YES;
				CLANG_WARN_OBJC_LITERAL_CONVERSION = YES;
				CLANG_WARN_OBJC_ROOT_CLASS = YES_ERROR;
				CLANG_WARN_RANGE_LOOP_ANALYSIS = YES;
				CLANG_WARN_STRICT_PROTOTYPES = YES;
				CLANG_WARN_SUSPICIOUS_MOVE = YES;
				CLANG_WARN_UNGUARDED_AVAILABILITY = YES_AGGRESSIVE;
				CLANG_WARN_UNREACHABLE_CODE = YES;
				CLANG_WARN__DUPLICATE_METHOD_MATCH = YES;
				COPY_PHASE_STRIP = NO;
				DEBUG_INFORMATION_FORMAT = "dwarf-with-dsym";
				ENABLE_NS_ASSERTIONS = NO;
				ENABLE_STRICT_OBJC_MSGSEND = YES;
				GCC_C_LANGUAGE_STANDARD = gnu11;
				GCC_NO_COMMON_BLOCKS = YES;
				GCC_WARN_64_TO_32_BIT_CONVERSION = YES;
				GCC_WARN_ABOUT_RETURN_TYPE = YES_ERROR;
				GCC_WARN_UNDECLARED_SELECTOR = YES;
				GCC_WARN_UNINITIALIZED_AUTOS = YES_AGGRESSIVE;
				GCC_WARN_UNUSED_FUNCTION = YES;
				GCC_WARN_UNUSED_VARIABLE = YES;
				IPHONEOS_DEPLOYMENT_TARGET = 13.1;
				MTL_ENABLE_DEBUG_INFO = NO;
				MTL_FAST_MATH = YES;
				SDKROOT = iphoneos;
				SWIFT_COMPILATION_MODE = wholemodule;
				SWIFT_OPTIMIZATION_LEVEL = "-O";
				VALIDATE_PRODUCT = YES;
			};
			name = Release;
		};
		D7DDFFFF23D9D8E8004811BC /* Debug */ = {
			isa = XCBuildConfiguration;
			buildSettings = {
				ASSETCATALOG_COMPILER_APPICON_NAME = AppIcon;
				CODE_SIGN_STYLE = Automatic;
				INFOPLIST_FILE = PlayingCard/Info.plist;
				LD_RUNPATH_SEARCH_PATHS = (
					"$(inherited)",
					"@executable_path/Frameworks",
				);
				PRODUCT_BUNDLE_IDENTIFIER = com.wtildestar.PlayingCard;
				PRODUCT_NAME = "$(TARGET_NAME)";
				SWIFT_VERSION = 5.0;
				TARGETED_DEVICE_FAMILY = "1,2";
			};
			name = Debug;
		};
/* End XCBuildConfiguration section */

/* Begin XCConfigurationList section */
		D7DDFFE523D9D8E7004811BC /* Build configuration list for PBXProject "PlayingCard" */ = {
			isa = XCConfigurationList;
			buildConfigurations = (
				D7DDFFFC23D9D8E8004811BC /* Debug */,
				D7DDFFFD23D9D8E8004811BC /* Release */,
			);
			defaultConfigurationIsVisible = 0;
			defaultConfigurationName = Release;
		};
		D7DDFFFE23D9D8E8004811BC /* Build configuration list for PBXNativeTarget "PlayingCard" */ = {
			isa = XCConfigurationList;
			buildConfigurations = (
				D7DDFFFF23D9D8E8004811BC /* Debug */,
				D7DD000023D9D8E8004811BC /* Release */,
			);
			defaultConfigurationIsVisible = 0;
			defaultConfigurationName = Release;
		};
/* End XCConfigurationList section */
	};
	rootObject = D7DDFFE223D9D8E7004811BC /* Project object */;
}
