// !$*UTF8*$!
{
	archiveVersion = 1;
	classes = {
	};
	objectVersion = 50;
	objects = {

/* Begin PBXBuildFile section */
		D719AE3C23E4556B00E74B85 /* SectionData.swift in Sources */ = {isa = PBXBuildFile; fileRef = D719AE3B23E4556B00E74B85 /* SectionData.swift */; };
		D719AE3F23E469CA00E74B85 /* CardCell.swift in Sources */ = {isa = PBXBuildFile; fileRef = D719AE3E23E469CA00E74B85 /* CardCell.swift */; };
		D719AE4223E6198600E74B85 /* ImageController.swift in Sources */ = {isa = PBXBuildFile; fileRef = D719AE4123E6198600E74B85 /* ImageController.swift */; };
		D7B9A65223E440EE004D960C /* AppDelegate.swift in Sources */ = {isa = PBXBuildFile; fileRef = D7B9A65123E440EE004D960C /* AppDelegate.swift */; };
		D7B9A65423E440EE004D960C /* SceneDelegate.swift in Sources */ = {isa = PBXBuildFile; fileRef = D7B9A65323E440EE004D960C /* SceneDelegate.swift */; };
		D7B9A65623E440EE004D960C /* TableViewController.swift in Sources */ = {isa = PBXBuildFile; fileRef = D7B9A65523E440EE004D960C /* TableViewController.swift */; };
		D7B9A65923E440EE004D960C /* Main.storyboard in Resources */ = {isa = PBXBuildFile; fileRef = D7B9A65723E440EE004D960C /* Main.storyboard */; };
		D7B9A65B23E440F0004D960C /* Assets.xcassets in Resources */ = {isa = PBXBuildFile; fileRef = D7B9A65A23E440F0004D960C /* Assets.xcassets */; };
		D7B9A65E23E440F0004D960C /* LaunchScreen.storyboard in Resources */ = {isa = PBXBuildFile; fileRef = D7B9A65C23E440F0004D960C /* LaunchScreen.storyboard */; };
/* End PBXBuildFile section */

/* Begin PBXFileReference section */
		D719AE3B23E4556B00E74B85 /* SectionData.swift */ = {isa = PBXFileReference; lastKnownFileType = sourcecode.swift; path = SectionData.swift; sourceTree = "<group>"; };
		D719AE3E23E469CA00E74B85 /* CardCell.swift */ = {isa = PBXFileReference; lastKnownFileType = sourcecode.swift; path = CardCell.swift; sourceTree = "<group>"; };
		D719AE4123E6198600E74B85 /* ImageController.swift */ = {isa = PBXFileReference; lastKnownFileType = sourcecode.swift; path = ImageController.swift; sourceTree = "<group>"; };
		D7B9A64E23E440EE004D960C /* dropDownSpotsApp.app */ = {isa = PBXFileReference; explicitFileType = wrapper.application; includeInIndex = 0; path = dropDownSpotsApp.app; sourceTree = BUILT_PRODUCTS_DIR; };
		D7B9A65123E440EE004D960C /* AppDelegate.swift */ = {isa = PBXFileReference; lastKnownFileType = sourcecode.swift; path = AppDelegate.swift; sourceTree = "<group>"; };
		D7B9A65323E440EE004D960C /* SceneDelegate.swift */ = {isa = PBXFileReference; lastKnownFileType = sourcecode.swift; path = SceneDelegate.swift; sourceTree = "<group>"; };
		D7B9A65523E440EE004D960C /* TableViewController.swift */ = {isa = PBXFileReference; lastKnownFileType = sourcecode.swift; path = TableViewController.swift; sourceTree = "<group>"; };
		D7B9A65823E440EE004D960C /* Base */ = {isa = PBXFileReference; lastKnownFileType = file.storyboard; name = Base; path = Base.lproj/Main.storyboard; sourceTree = "<group>"; };
		D7B9A65A23E440F0004D960C /* Assets.xcassets */ = {isa = PBXFileReference; lastKnownFileType = folder.assetcatalog; path = Assets.xcassets; sourceTree = "<group>"; };
		D7B9A65D23E440F0004D960C /* Base */ = {isa = PBXFileReference; lastKnownFileType = file.storyboard; name = Base; path = Base.lproj/LaunchScreen.storyboard; sourceTree = "<group>"; };
		D7B9A65F23E440F0004D960C /* Info.plist */ = {isa = PBXFileReference; lastKnownFileType = text.plist.xml; path = Info.plist; sourceTree = "<group>"; };
/* End PBXFileReference section */

/* Begin PBXFrameworksBuildPhase section */
		D7B9A64B23E440EE004D960C /* Frameworks */ = {
			isa = PBXFrameworksBuildPhase;
			buildActionMask = 2147483647;
			files = (
			);
			runOnlyForDeploymentPostprocessing = 0;
		};
/* End PBXFrameworksBuildPhase section */

/* Begin PBXGroup section */
		D719AE3A23E4554E00E74B85 /* Models */ = {
			isa = PBXGroup;
			children = (
				D719AE3B23E4556B00E74B85 /* SectionData.swift */,
			);
			path = Models;
			sourceTree = "<group>";
		};
		D719AE3D23E469C200E74B85 /* Class */ = {
			isa = PBXGroup;
			children = (
				D719AE3E23E469CA00E74B85 /* CardCell.swift */,
			);
			path = Class;
			sourceTree = "<group>";
		};
		D719AE4023E6195500E74B85 /* Controllers */ = {
			isa = PBXGroup;
			children = (
				D7B9A65523E440EE004D960C /* TableViewController.swift */,
				D719AE4123E6198600E74B85 /* ImageController.swift */,
			);
			path = Controllers;
			sourceTree = "<group>";
		};
		D7B9A64523E440EE004D960C = {
			isa = PBXGroup;
			children = (
				D7B9A65023E440EE004D960C /* dropDownSpotsApp */,
				D7B9A64F23E440EE004D960C /* Products */,
			);
			sourceTree = "<group>";
		};
		D7B9A64F23E440EE004D960C /* Products */ = {
			isa = PBXGroup;
			children = (
				D7B9A64E23E440EE004D960C /* dropDownSpotsApp.app */,
			);
			name = Products;
			sourceTree = "<group>";
		};
		D7B9A65023E440EE004D960C /* dropDownSpotsApp */ = {
			isa = PBXGroup;
			children = (
				D719AE4023E6195500E74B85 /* Controllers */,
				D719AE3D23E469C200E74B85 /* Class */,
				D719AE3A23E4554E00E74B85 /* Models */,
				D7B9A65123E440EE004D960C /* AppDelegate.swift */,
				D7B9A65323E440EE004D960C /* SceneDelegate.swift */,
				D7B9A65723E440EE004D960C /* Main.storyboard */,
				D7B9A65A23E440F0004D960C /* Assets.xcassets */,
				D7B9A65C23E440F0004D960C /* LaunchScreen.storyboard */,
				D7B9A65F23E440F0004D960C /* Info.plist */,
			);
			path = dropDownSpotsApp;
			sourceTree = "<group>";
		};
/* End PBXGroup section */

/* Begin PBXNativeTarget section */
		D7B9A64D23E440EE004D960C /* dropDownSpotsApp */ = {
			isa = PBXNativeTarget;
			buildConfigurationList = D7B9A66223E440F0004D960C /* Build configuration list for PBXNativeTarget "dropDownSpotsApp" */;
			buildPhases = (
				D7B9A64A23E440EE004D960C /* Sources */,
				D7B9A64B23E440EE004D960C /* Frameworks */,
				D7B9A64C23E440EE004D960C /* Resources */,
			);
			buildRules = (
			);
			dependencies = (
			);
			name = dropDownSpotsApp;
			productName = dropDownSpotsApp;
			productReference = D7B9A64E23E440EE004D960C /* dropDownSpotsApp.app */;
			productType = "com.apple.product-type.application";
		};
/* End PBXNativeTarget section */

/* Begin PBXProject section */
		D7B9A64623E440EE004D960C /* Project object */ = {
			isa = PBXProject;
			attributes = {
				LastSwiftUpdateCheck = 1110;
				LastUpgradeCheck = 1110;
				ORGANIZATIONNAME = wtildestar;
				TargetAttributes = {
					D7B9A64D23E440EE004D960C = {
						CreatedOnToolsVersion = 11.1;
					};
				};
			};
			buildConfigurationList = D7B9A64923E440EE004D960C /* Build configuration list for PBXProject "dropDownSpotsApp" */;
			compatibilityVersion = "Xcode 9.3";
			developmentRegion = en;
			hasScannedForEncodings = 0;
			knownRegions = (
				en,
				Base,
			);
			mainGroup = D7B9A64523E440EE004D960C;
			productRefGroup = D7B9A64F23E440EE004D960C /* Products */;
			projectDirPath = "";
			projectRoot = "";
			targets = (
				D7B9A64D23E440EE004D960C /* dropDownSpotsApp */,
			);
		};
/* End PBXProject section */

/* Begin PBXResourcesBuildPhase section */
		D7B9A64C23E440EE004D960C /* Resources */ = {
			isa = PBXResourcesBuildPhase;
			buildActionMask = 2147483647;
			files = (
				D7B9A65E23E440F0004D960C /* LaunchScreen.storyboard in Resources */,
				D7B9A65B23E440F0004D960C /* Assets.xcassets in Resources */,
				D7B9A65923E440EE004D960C /* Main.storyboard in Resources */,
			);
			runOnlyForDeploymentPostprocessing = 0;
		};
/* End PBXResourcesBuildPhase section */

/* Begin PBXSourcesBuildPhase section */
		D7B9A64A23E440EE004D960C /* Sources */ = {
			isa = PBXSourcesBuildPhase;
			buildActionMask = 2147483647;
			files = (
				D719AE3F23E469CA00E74B85 /* CardCell.swift in Sources */,
				D7B9A65623E440EE004D960C /* TableViewController.swift in Sources */,
				D7B9A65223E440EE004D960C /* AppDelegate.swift in Sources */,
				D7B9A65423E440EE004D960C /* SceneDelegate.swift in Sources */,
				D719AE3C23E4556B00E74B85 /* SectionData.swift in Sources */,
				D719AE4223E6198600E74B85 /* ImageController.swift in Sources */,
			);
			runOnlyForDeploymentPostprocessing = 0;
		};
/* End PBXSourcesBuildPhase section */

/* Begin PBXVariantGroup section */
		D7B9A65723E440EE004D960C /* Main.storyboard */ = {
			isa = PBXVariantGroup;
			children = (
				D7B9A65823E440EE004D960C /* Base */,
			);
			name = Main.storyboard;
			sourceTree = "<group>";
		};
		D7B9A65C23E440F0004D960C /* LaunchScreen.storyboard */ = {
			isa = PBXVariantGroup;
			children = (
				D7B9A65D23E440F0004D960C /* Base */,
			);
			name = LaunchScreen.storyboard;
			sourceTree = "<group>";
		};
/* End PBXVariantGroup section */

/* Begin XCBuildConfiguration section */
		D7B9A66023E440F0004D960C /* Debug */ = {
			isa = XCBuildConfiguration;
			buildSettings = {
				ALWAYS_SEARCH_USER_PATHS = NO;
				CLANG_ANALYZER_NONNULL = YES;
				CLANG_ANALYZER_NUMBER_OBJECT_CONVERSION = YES_AGGRESSIVE;
				CLANG_CXX_LANGUAGE_STANDARD = "gnu++14";
				CLANG_CXX_LIBRARY = "libc++";
				CLANG_ENABLE_MODULES = YES;
				CLANG_ENABLE_OBJC_ARC = YES;
				CLANG_ENABLE_OBJC_WEAK = YES;
				CLANG_WARN_BLOCK_CAPTURE_AUTORELEASING = YES;
				CLANG_WARN_BOOL_CONVERSION = YES;
				CLANG_WARN_COMMA = YES;
				CLANG_WARN_CONSTANT_CONVERSION = YES;
				CLANG_WARN_DEPRECATED_OBJC_IMPLEMENTATIONS = YES;
				CLANG_WARN_DIRECT_OBJC_ISA_USAGE = YES_ERROR;
				CLANG_WARN_DOCUMENTATION_COMMENTS = YES;
				CLANG_WARN_EMPTY_BODY = YES;
				CLANG_WARN_ENUM_CONVERSION = YES;
				CLANG_WARN_INFINITE_RECURSION = YES;
				CLANG_WARN_INT_CONVERSION = YES;
				CLANG_WARN_NON_LITERAL_NULL_CONVERSION = YES;
				CLANG_WARN_OBJC_IMPLICIT_RETAIN_SELF = YES;
				CLANG_WARN_OBJC_LITERAL_CONVERSION = YES;
				CLANG_WARN_OBJC_ROOT_CLASS = YES_ERROR;
				CLANG_WARN_RANGE_LOOP_ANALYSIS = YES;
				CLANG_WARN_STRICT_PROTOTYPES = YES;
				CLANG_WARN_SUSPICIOUS_MOVE = YES;
				CLANG_WARN_UNGUARDED_AVAILABILITY = YES_AGGRESSIVE;
				CLANG_WARN_UNREACHABLE_CODE = YES;
				CLANG_WARN__DUPLICATE_METHOD_MATCH = YES;
				COPY_PHASE_STRIP = NO;
				DEBUG_INFORMATION_FORMAT = dwarf;
				ENABLE_STRICT_OBJC_MSGSEND = YES;
				ENABLE_TESTABILITY = YES;
				GCC_C_LANGUAGE_STANDARD = gnu11;
				GCC_DYNAMIC_NO_PIC = NO;
				GCC_NO_COMMON_BLOCKS = YES;
				GCC_OPTIMIZATION_LEVEL = 0;
				GCC_PREPROCESSOR_DEFINITIONS = (
					"DEBUG=1",
					"$(inherited)",
				);
				GCC_WARN_64_TO_32_BIT_CONVERSION = YES;
				GCC_WARN_ABOUT_RETURN_TYPE = YES_ERROR;
				GCC_WARN_UNDECLARED_SELECTOR = YES;
				GCC_WARN_UNINITIALIZED_AUTOS = YES_AGGRESSIVE;
				GCC_WARN_UNUSED_FUNCTION = YES;
				GCC_WARN_UNUSED_VARIABLE = YES;
				IPHONEOS_DEPLOYMENT_TARGET = 13.1;
				MTL_ENABLE_DEBUG_INFO = INCLUDE_SOURCE;
				MTL_FAST_MATH = YES;
				ONLY_ACTIVE_ARCH = YES;
				SDKROOT = iphoneos;
				SWIFT_ACTIVE_COMPILATION_CONDITIONS = DEBUG;
				SWIFT_OPTIMIZATION_LEVEL = "-Onone";
			};
			name = Debug;
		};
		D7B9A66123E440F0004D960C /* Release */ = {
			isa = XCBuildConfiguration;
			buildSettings = {
				ALWAYS_SEARCH_USER_PATHS = NO;
				CLANG_ANALYZER_NONNULL = YES;
				CLANG_ANALYZER_NUMBER_OBJECT_CONVERSION = YES_AGGRESSIVE;
				CLANG_CXX_LANGUAGE_STANDARD = "gnu++14";
				CLANG_CXX_LIBRARY = "libc++";
				CLANG_ENABLE_MODULES = YES;
				CLANG_ENABLE_OBJC_ARC = YES;
				CLANG_ENABLE_OBJC_WEAK = YES;
				CLANG_WARN_BLOCK_CAPTURE_AUTORELEASING = YES;
				CLANG_WARN_BOOL_CONVERSION = YES;
				CLANG_WARN_COMMA = YES;
				CLANG_WARN_CONSTANT_CONVERSION = YES;
				CLANG_WARN_DEPRECATED_OBJC_IMPLEMENTATIONS = YES;
				CLANG_WARN_DIRECT_OBJC_ISA_USAGE = YES_ERROR;
				CLANG_WARN_DOCUMENTATION_COMMENTS = YES;
				CLANG_WARN_EMPTY_BODY = YES;
				CLANG_WARN_ENUM_CONVERSION = YES;
				CLANG_WARN_INFINITE_RECURSION = YES;
				CLANG_WARN_INT_CONVERSION = YES;
				CLANG_WARN_NON_LITERAL_NULL_CONVERSION = YES;
				CLANG_WARN_OBJC_IMPLICIT_RETAIN_SELF = YES;
				CLANG_WARN_OBJC_LITERAL_CONVERSION = YES;
				CLANG_WARN_OBJC_ROOT_CLASS = YES_ERROR;
				CLANG_WARN_RANGE_LOOP_ANALYSIS = YES;
				CLANG_WARN_STRICT_PROTOTYPES = YES;
				CLANG_WARN_SUSPICIOUS_MOVE = YES;
				CLANG_WARN_UNGUARDED_AVAILABILITY = YES_AGGRESSIVE;
				CLANG_WARN_UNREACHABLE_CODE = YES;
				CLANG_WARN__DUPLICATE_METHOD_MATCH = YES;
				COPY_PHASE_STRIP = NO;
				DEBUG_INFORMATION_FORMAT = "dwarf-with-dsym";
				ENABLE_NS_ASSERTIONS = NO;
				ENABLE_STRICT_OBJC_MSGSEND = YES;
				GCC_C_LANGUAGE_STANDARD = gnu11;
				GCC_NO_COMMON_BLOCKS = YES;
				GCC_WARN_64_TO_32_BIT_CONVERSION = YES;
				GCC_WARN_ABOUT_RETURN_TYPE = YES_ERROR;
				GCC_WARN_UNDECLARED_SELECTOR = YES;
				GCC_WARN_UNINITIALIZED_AUTOS = YES_AGGRESSIVE;
				GCC_WARN_UNUSED_FUNCTION = YES;
				GCC_WARN_UNUSED_VARIABLE = YES;
				IPHONEOS_DEPLOYMENT_TARGET = 13.1;
				MTL_ENABLE_DEBUG_INFO = NO;
				MTL_FAST_MATH = YES;
				SDKROOT = iphoneos;
				SWIFT_COMPILATION_MODE = wholemodule;
				SWIFT_OPTIMIZATION_LEVEL = "-O";
				VALIDATE_PRODUCT = YES;
			};
			name = Release;
		};
		D7B9A66323E440F0004D960C /* Debug */ = {
			isa = XCBuildConfiguration;
			buildSettings = {
				ASSETCATALOG_COMPILER_APPICON_NAME = AppIcon;
				CODE_SIGN_STYLE = Automatic;
				INFOPLIST_FILE = dropDownSpotsApp/Info.plist;
				LD_RUNPATH_SEARCH_PATHS = (
					"$(inherited)",
					"@executable_path/Frameworks",
				);
				PRODUCT_BUNDLE_IDENTIFIER = com.wtildestar.dropDownSpotsApp;
				PRODUCT_NAME = "$(TARGET_NAME)";
				SWIFT_VERSION = 5.0;
				TARGETED_DEVICE_FAMILY = "1,2";
			};
			name = Debug;
		};
		D7B9A66423E440F0004D960C /* Release */ = {
			isa = XCBuildConfiguration;
			buildSettings = {
				ASSETCATALOG_COMPILER_APPICON_NAME = AppIcon;
				CODE_SIGN_STYLE = Automatic;
				INFOPLIST_FILE = dropDownSpotsApp/Info.plist;
				LD_RUNPATH_SEARCH_PATHS = (
					"$(inherited)",
					"@executable_path/Frameworks",
				);
				PRODUCT_BUNDLE_IDENTIFIER = com.wtildestar.dropDownSpotsApp;
				PRODUCT_NAME = "$(TARGET_NAME)";
				SWIFT_VERSION = 5.0;
				TARGETED_DEVICE_FAMILY = "1,2";
			};
			name = Release;
		};
/* End XCBuildConfiguration section */

/* Begin XCConfigurationList section */
		D7B9A64923E440EE004D960C /* Build configuration list for PBXProject "dropDownSpotsApp" */ = {
			isa = XCConfigurationList;
			buildConfigurations = (
				D7B9A66023E440F0004D960C /* Debug */,
				D7B9A66123E440F0004D960C /* Release */,
			);
			defaultConfigurationIsVisible = 0;
			defaultConfigurationName = Release;
		};
		D7B9A66223E440F0004D960C /* Build configuration list for PBXNativeTarget "dropDownSpotsApp" */ = {
			isa = XCConfigurationList;
			buildConfigurations = (
				D7B9A66323E440F0004D960C /* Debug */,
				D7B9A66423E440F0004D960C /* Release */,
			);
			defaultConfigurationIsVisible = 0;
			defaultConfigurationName = Release;
		};
/* End XCConfigurationList section */
	};
	rootObject = D7B9A64623E440EE004D960C /* Project object */;
}
