// !$*UTF8*$!
{
	archiveVersion = 1;
	classes = {
	};
	objectVersion = 50;
	objects = {

/* Begin PBXBuildFile section */
		D7579A6923DD8B66002DC680 /* AppDelegate.swift in Sources */ = {isa = PBXBuildFile; fileRef = D7579A6823DD8B66002DC680 /* AppDelegate.swift */; };
		D7579A6B23DD8B66002DC680 /* SceneDelegate.swift in Sources */ = {isa = PBXBuildFile; fileRef = D7579A6A23DD8B66002DC680 /* SceneDelegate.swift */; };
		D7579A6D23DD8B66002DC680 /* ViewController.swift in Sources */ = {isa = PBXBuildFile; fileRef = D7579A6C23DD8B66002DC680 /* ViewController.swift */; };
		D7579A7023DD8B66002DC680 /* Main.storyboard in Resources */ = {isa = PBXBuildFile; fileRef = D7579A6E23DD8B66002DC680 /* Main.storyboard */; };
		D7579A7223DD8B67002DC680 /* Assets.xcassets in Resources */ = {isa = PBXBuildFile; fileRef = D7579A7123DD8B67002DC680 /* Assets.xcassets */; };
		D7579A7523DD8B67002DC680 /* LaunchScreen.storyboard in Resources */ = {isa = PBXBuildFile; fileRef = D7579A7323DD8B67002DC680 /* LaunchScreen.storyboard */; };
		D7579A7D23DD92B0002DC680 /* Diagram.xcassets in Resources */ = {isa = PBXBuildFile; fileRef = D7579A7C23DD92B0002DC680 /* Diagram.xcassets */; };
		D7579A7F23DD95A3002DC680 /* DiagramImageProvider.swift in Sources */ = {isa = PBXBuildFile; fileRef = D7579A7E23DD95A3002DC680 /* DiagramImageProvider.swift */; };
		D7579A8123DD9625002DC680 /* Services.swift in Sources */ = {isa = PBXBuildFile; fileRef = D7579A8023DD9625002DC680 /* Services.swift */; };
		D7579A8323DD96AA002DC680 /* DiagramViewController.swift in Sources */ = {isa = PBXBuildFile; fileRef = D7579A8223DD96AA002DC680 /* DiagramViewController.swift */; };
/* End PBXBuildFile section */

/* Begin PBXFileReference section */
		D7579A6523DD8B66002DC680 /* InfiniteScrollView.app */ = {isa = PBXFileReference; explicitFileType = wrapper.application; includeInIndex = 0; path = InfiniteScrollView.app; sourceTree = BUILT_PRODUCTS_DIR; };
		D7579A6823DD8B66002DC680 /* AppDelegate.swift */ = {isa = PBXFileReference; lastKnownFileType = sourcecode.swift; path = AppDelegate.swift; sourceTree = "<group>"; };
		D7579A6A23DD8B66002DC680 /* SceneDelegate.swift */ = {isa = PBXFileReference; lastKnownFileType = sourcecode.swift; path = SceneDelegate.swift; sourceTree = "<group>"; };
		D7579A6C23DD8B66002DC680 /* ViewController.swift */ = {isa = PBXFileReference; lastKnownFileType = sourcecode.swift; path = ViewController.swift; sourceTree = "<group>"; };
		D7579A6F23DD8B66002DC680 /* Base */ = {isa = PBXFileReference; lastKnownFileType = file.storyboard; name = Base; path = Base.lproj/Main.storyboard; sourceTree = "<group>"; };
		D7579A7123DD8B67002DC680 /* Assets.xcassets */ = {isa = PBXFileReference; lastKnownFileType = folder.assetcatalog; path = Assets.xcassets; sourceTree = "<group>"; };
		D7579A7423DD8B67002DC680 /* Base */ = {isa = PBXFileReference; lastKnownFileType = file.storyboard; name = Base; path = Base.lproj/LaunchScreen.storyboard; sourceTree = "<group>"; };
		D7579A7623DD8B67002DC680 /* Info.plist */ = {isa = PBXFileReference; lastKnownFileType = text.plist.xml; path = Info.plist; sourceTree = "<group>"; };
		D7579A7C23DD92B0002DC680 /* Diagram.xcassets */ = {isa = PBXFileReference; lastKnownFileType = folder.assetcatalog; path = Diagram.xcassets; sourceTree = "<group>"; };
		D7579A7E23DD95A3002DC680 /* DiagramImageProvider.swift */ = {isa = PBXFileReference; lastKnownFileType = sourcecode.swift; path = DiagramImageProvider.swift; sourceTree = "<group>"; };
		D7579A8023DD9625002DC680 /* Services.swift */ = {isa = PBXFileReference; lastKnownFileType = sourcecode.swift; path = Services.swift; sourceTree = "<group>"; };
		D7579A8223DD96AA002DC680 /* DiagramViewController.swift */ = {isa = PBXFileReference; lastKnownFileType = sourcecode.swift; path = DiagramViewController.swift; sourceTree = "<group>"; };
/* End PBXFileReference section */

/* Begin PBXFrameworksBuildPhase section */
		D7579A6223DD8B66002DC680 /* Frameworks */ = {
			isa = PBXFrameworksBuildPhase;
			buildActionMask = 2147483647;
			files = (
			);
			runOnlyForDeploymentPostprocessing = 0;
		};
/* End PBXFrameworksBuildPhase section */

/* Begin PBXGroup section */
		D7579A5C23DD8B66002DC680 = {
			isa = PBXGroup;
			children = (
				D7579A6723DD8B66002DC680 /* InfiniteScrollView */,
				D7579A6623DD8B66002DC680 /* Products */,
			);
			sourceTree = "<group>";
		};
		D7579A6623DD8B66002DC680 /* Products */ = {
			isa = PBXGroup;
			children = (
				D7579A6523DD8B66002DC680 /* InfiniteScrollView.app */,
			);
			name = Products;
			sourceTree = "<group>";
		};
		D7579A6723DD8B66002DC680 /* InfiniteScrollView */ = {
			isa = PBXGroup;
			children = (
				D7579A6823DD8B66002DC680 /* AppDelegate.swift */,
				D7579A6A23DD8B66002DC680 /* SceneDelegate.swift */,
				D7579A6C23DD8B66002DC680 /* ViewController.swift */,
				D7579A8223DD96AA002DC680 /* DiagramViewController.swift */,
				D7579A7E23DD95A3002DC680 /* DiagramImageProvider.swift */,
				D7579A8023DD9625002DC680 /* Services.swift */,
				D7579A6E23DD8B66002DC680 /* Main.storyboard */,
				D7579A7123DD8B67002DC680 /* Assets.xcassets */,
				D7579A7C23DD92B0002DC680 /* Diagram.xcassets */,
				D7579A7323DD8B67002DC680 /* LaunchScreen.storyboard */,
				D7579A7623DD8B67002DC680 /* Info.plist */,
			);
			path = InfiniteScrollView;
			sourceTree = "<group>";
		};
/* End PBXGroup section */

/* Begin PBXNativeTarget section */
		D7579A6423DD8B66002DC680 /* InfiniteScrollView */ = {
			isa = PBXNativeTarget;
			buildConfigurationList = D7579A7923DD8B67002DC680 /* Build configuration list for PBXNativeTarget "InfiniteScrollView" */;
			buildPhases = (
				D7579A6123DD8B66002DC680 /* Sources */,
				D7579A6223DD8B66002DC680 /* Frameworks */,
				D7579A6323DD8B66002DC680 /* Resources */,
			);
			buildRules = (
			);
			dependencies = (
			);
			name = InfiniteScrollView;
			productName = "OTUS test";
			productReference = D7579A6523DD8B66002DC680 /* InfiniteScrollView.app */;
			productType = "com.apple.product-type.application";
		};
/* End PBXNativeTarget section */

/* Begin PBXProject section */
		D7579A5D23DD8B66002DC680 /* Project object */ = {
			isa = PBXProject;
			attributes = {
				LastSwiftUpdateCheck = 1110;
				LastUpgradeCheck = 1110;
				ORGANIZATIONNAME = wtildestar;
				TargetAttributes = {
					D7579A6423DD8B66002DC680 = {
						CreatedOnToolsVersion = 11.1;
					};
				};
			};
			buildConfigurationList = D7579A6023DD8B66002DC680 /* Build configuration list for PBXProject "InfiniteScrollView" */;
			compatibilityVersion = "Xcode 9.3";
			developmentRegion = en;
			hasScannedForEncodings = 0;
			knownRegions = (
				en,
				Base,
			);
			mainGroup = D7579A5C23DD8B66002DC680;
			productRefGroup = D7579A6623DD8B66002DC680 /* Products */;
			projectDirPath = "";
			projectRoot = "";
			targets = (
				D7579A6423DD8B66002DC680 /* InfiniteScrollView */,
			);
		};
/* End PBXProject section */

/* Begin PBXResourcesBuildPhase section */
		D7579A6323DD8B66002DC680 /* Resources */ = {
			isa = PBXResourcesBuildPhase;
			buildActionMask = 2147483647;
			files = (
				D7579A7523DD8B67002DC680 /* LaunchScreen.storyboard in Resources */,
				D7579A7D23DD92B0002DC680 /* Diagram.xcassets in Resources */,
				D7579A7223DD8B67002DC680 /* Assets.xcassets in Resources */,
				D7579A7023DD8B66002DC680 /* Main.storyboard in Resources */,
			);
			runOnlyForDeploymentPostprocessing = 0;
		};
/* End PBXResourcesBuildPhase section */

/* Begin PBXSourcesBuildPhase section */
		D7579A6123DD8B66002DC680 /* Sources */ = {
			isa = PBXSourcesBuildPhase;
			buildActionMask = 2147483647;
			files = (
				D7579A8123DD9625002DC680 /* Services.swift in Sources */,
				D7579A7F23DD95A3002DC680 /* DiagramImageProvider.swift in Sources */,
				D7579A8323DD96AA002DC680 /* DiagramViewController.swift in Sources */,
				D7579A6D23DD8B66002DC680 /* ViewController.swift in Sources */,
				D7579A6923DD8B66002DC680 /* AppDelegate.swift in Sources */,
				D7579A6B23DD8B66002DC680 /* SceneDelegate.swift in Sources */,
			);
			runOnlyForDeploymentPostprocessing = 0;
		};
/* End PBXSourcesBuildPhase section */

/* Begin PBXVariantGroup section */
		D7579A6E23DD8B66002DC680 /* Main.storyboard */ = {
			isa = PBXVariantGroup;
			children = (
				D7579A6F23DD8B66002DC680 /* Base */,
			);
			name = Main.storyboard;
			sourceTree = "<group>";
		};
		D7579A7323DD8B67002DC680 /* LaunchScreen.storyboard */ = {
			isa = PBXVariantGroup;
			children = (
				D7579A7423DD8B67002DC680 /* Base */,
			);
			name = LaunchScreen.storyboard;
			sourceTree = "<group>";
		};
/* End PBXVariantGroup section */

/* Begin XCBuildConfiguration section */
		D7579A7723DD8B67002DC680 /* Debug */ = {
			isa = XCBuildConfiguration;
			buildSettings = {
				ALWAYS_SEARCH_USER_PATHS = NO;
				CLANG_ANALYZER_NONNULL = YES;
				CLANG_ANALYZER_NUMBER_OBJECT_CONVERSION = YES_AGGRESSIVE;
				CLANG_CXX_LANGUAGE_STANDARD = "gnu++14";
				CLANG_CXX_LIBRARY = "libc++";
				CLANG_ENABLE_MODULES = YES;
				CLANG_ENABLE_OBJC_ARC = YES;
				CLANG_ENABLE_OBJC_WEAK = YES;
				CLANG_WARN_BLOCK_CAPTURE_AUTORELEASING = YES;
				CLANG_WARN_BOOL_CONVERSION = YES;
				CLANG_WARN_COMMA = YES;
				CLANG_WARN_CONSTANT_CONVERSION = YES;
				CLANG_WARN_DEPRECATED_OBJC_IMPLEMENTATIONS = YES;
				CLANG_WARN_DIRECT_OBJC_ISA_USAGE = YES_ERROR;
				CLANG_WARN_DOCUMENTATION_COMMENTS = YES;
				CLANG_WARN_EMPTY_BODY = YES;
				CLANG_WARN_ENUM_CONVERSION = YES;
				CLANG_WARN_INFINITE_RECURSION = YES;
				CLANG_WARN_INT_CONVERSION = YES;
				CLANG_WARN_NON_LITERAL_NULL_CONVERSION = YES;
				CLANG_WARN_OBJC_IMPLICIT_RETAIN_SELF = YES;
				CLANG_WARN_OBJC_LITERAL_CONVERSION = YES;
				CLANG_WARN_OBJC_ROOT_CLASS = YES_ERROR;
				CLANG_WARN_RANGE_LOOP_ANALYSIS = YES;
				CLANG_WARN_STRICT_PROTOTYPES = YES;
				CLANG_WARN_SUSPICIOUS_MOVE = YES;
				CLANG_WARN_UNGUARDED_AVAILABILITY = YES_AGGRESSIVE;
				CLANG_WARN_UNREACHABLE_CODE = YES;
				CLANG_WARN__DUPLICATE_METHOD_MATCH = YES;
				COPY_PHASE_STRIP = NO;
				DEBUG_INFORMATION_FORMAT = dwarf;
				ENABLE_STRICT_OBJC_MSGSEND = YES;
				ENABLE_TESTABILITY = YES;
				GCC_C_LANGUAGE_STANDARD = gnu11;
				GCC_DYNAMIC_NO_PIC = NO;
				GCC_NO_COMMON_BLOCKS = YES;
				GCC_OPTIMIZATION_LEVEL = 0;
				GCC_PREPROCESSOR_DEFINITIONS = (
					"DEBUG=1",
					"$(inherited)",
				);
				GCC_WARN_64_TO_32_BIT_CONVERSION = YES;
				GCC_WARN_ABOUT_RETURN_TYPE = YES_ERROR;
				GCC_WARN_UNDECLARED_SELECTOR = YES;
				GCC_WARN_UNINITIALIZED_AUTOS = YES_AGGRESSIVE;
				GCC_WARN_UNUSED_FUNCTION = YES;
				GCC_WARN_UNUSED_VARIABLE = YES;
				IPHONEOS_DEPLOYMENT_TARGET = 13.1;
				MTL_ENABLE_DEBUG_INFO = INCLUDE_SOURCE;
				MTL_FAST_MATH = YES;
				ONLY_ACTIVE_ARCH = YES;
				SDKROOT = iphoneos;
				SWIFT_ACTIVE_COMPILATION_CONDITIONS = DEBUG;
				SWIFT_OPTIMIZATION_LEVEL = "-Onone";
			};
			name = Debug;
		};
		D7579A7823DD8B67002DC680 /* Release */ = {
			isa = XCBuildConfiguration;
			buildSettings = {
				ALWAYS_SEARCH_USER_PATHS = NO;
				CLANG_ANALYZER_NONNULL = YES;
				CLANG_ANALYZER_NUMBER_OBJECT_CONVERSION = YES_AGGRESSIVE;
				CLANG_CXX_LANGUAGE_STANDARD = "gnu++14";
				CLANG_CXX_LIBRARY = "libc++";
				CLANG_ENABLE_MODULES = YES;
				CLANG_ENABLE_OBJC_ARC = YES;
				CLANG_ENABLE_OBJC_WEAK = YES;
				CLANG_WARN_BLOCK_CAPTURE_AUTORELEASING = YES;
				CLANG_WARN_BOOL_CONVERSION = YES;
				CLANG_WARN_COMMA = YES;
				CLANG_WARN_CONSTANT_CONVERSION = YES;
				CLANG_WARN_DEPRECATED_OBJC_IMPLEMENTATIONS = YES;
				CLANG_WARN_DIRECT_OBJC_ISA_USAGE = YES_ERROR;
				CLANG_WARN_DOCUMENTATION_COMMENTS = YES;
				CLANG_WARN_EMPTY_BODY = YES;
				CLANG_WARN_ENUM_CONVERSION = YES;
				CLANG_WARN_INFINITE_RECURSION = YES;
				CLANG_WARN_INT_CONVERSION = YES;
				CLANG_WARN_NON_LITERAL_NULL_CONVERSION = YES;
				CLANG_WARN_OBJC_IMPLICIT_RETAIN_SELF = YES;
				CLANG_WARN_OBJC_LITERAL_CONVERSION = YES;
				CLANG_WARN_OBJC_ROOT_CLASS = YES_ERROR;
				CLANG_WARN_RANGE_LOOP_ANALYSIS = YES;
				CLANG_WARN_STRICT_PROTOTYPES = YES;
				CLANG_WARN_SUSPICIOUS_MOVE = YES;
				CLANG_WARN_UNGUARDED_AVAILABILITY = YES_AGGRESSIVE;
				CLANG_WARN_UNREACHABLE_CODE = YES;
				CLANG_WARN__DUPLICATE_METHOD_MATCH = YES;
				COPY_PHASE_STRIP = NO;
				DEBUG_INFORMATION_FORMAT = "dwarf-with-dsym";
				ENABLE_NS_ASSERTIONS = NO;
				ENABLE_STRICT_OBJC_MSGSEND = YES;
				GCC_C_LANGUAGE_STANDARD = gnu11;
				GCC_NO_COMMON_BLOCKS = YES;
				GCC_WARN_64_TO_32_BIT_CONVERSION = YES;
				GCC_WARN_ABOUT_RETURN_TYPE = YES_ERROR;
				GCC_WARN_UNDECLARED_SELECTOR = YES;
				GCC_WARN_UNINITIALIZED_AUTOS = YES_AGGRESSIVE;
				GCC_WARN_UNUSED_FUNCTION = YES;
				GCC_WARN_UNUSED_VARIABLE = YES;
				IPHONEOS_DEPLOYMENT_TARGET = 13.1;
				MTL_ENABLE_DEBUG_INFO = NO;
				MTL_FAST_MATH = YES;
				SDKROOT = iphoneos;
				SWIFT_COMPILATION_MODE = wholemodule;
				SWIFT_OPTIMIZATION_LEVEL = "-O";
				VALIDATE_PRODUCT = YES;
			};
			name = Release;
		};
		D7579A7A23DD8B67002DC680 /* Debug */ = {
			isa = XCBuildConfiguration;
			buildSettings = {
				ASSETCATALOG_COMPILER_APPICON_NAME = AppIcon;
				CODE_SIGN_STYLE = Automatic;
				INFOPLIST_FILE = InfiniteScrollView/Info.plist;
				LD_RUNPATH_SEARCH_PATHS = (
					"$(inherited)",
					"@executable_path/Frameworks",
				);
				PRODUCT_BUNDLE_IDENTIFIER = "com.wtildestar.OTUS-test";
				PRODUCT_NAME = "$(TARGET_NAME)";
				SWIFT_VERSION = 5.0;
				TARGETED_DEVICE_FAMILY = "1,2";
			};
			name = Debug;
		};
		D7579A7B23DD8B67002DC680 /* Release */ = {
			isa = XCBuildConfiguration;
			buildSettings = {
				ASSETCATALOG_COMPILER_APPICON_NAME = AppIcon;
				CODE_SIGN_STYLE = Automatic;
				INFOPLIST_FILE = InfiniteScrollView/Info.plist;
				LD_RUNPATH_SEARCH_PATHS = (
					"$(inherited)",
					"@executable_path/Frameworks",
				);
				PRODUCT_BUNDLE_IDENTIFIER = "com.wtildestar.OTUS-test";
				PRODUCT_NAME = "$(TARGET_NAME)";
				SWIFT_VERSION = 5.0;
				TARGETED_DEVICE_FAMILY = "1,2";
			};
			name = Release;
		};
/* End XCBuildConfiguration section */

/* Begin XCConfigurationList section */
		D7579A6023DD8B66002DC680 /* Build configuration list for PBXProject "InfiniteScrollView" */ = {
			isa = XCConfigurationList;
			buildConfigurations = (
				D7579A7723DD8B67002DC680 /* Debug */,
				D7579A7823DD8B67002DC680 /* Release */,
			);
			defaultConfigurationIsVisible = 0;
			defaultConfigurationName = Release;
		};
		D7579A7923DD8B67002DC680 /* Build configuration list for PBXNativeTarget "InfiniteScrollView" */ = {
			isa = XCConfigurationList;
			buildConfigurations = (
				D7579A7A23DD8B67002DC680 /* Debug */,
				D7579A7B23DD8B67002DC680 /* Release */,
			);
			defaultConfigurationIsVisible = 0;
			defaultConfigurationName = Release;
		};
/* End XCConfigurationList section */
	};
	rootObject = D7579A5D23DD8B66002DC680 /* Project object */;
}
